<?xml version="1.0" encoding="utf-8"?>
<Project ToolsVersion="4.0" xmlns="http://schemas.microsoft.com/developer/msbuild/2003">
  <ItemGroup>
    <ClCompile Include="src\ofApp.cpp">
      <Filter>src</Filter>
    </ClCompile>
    <ClCompile Include="src\main.cpp">
      <Filter>src</Filter>
    </ClCompile>
    <ClCompile Include="src\Games\BoidGameController.cpp">
      <Filter>src\Games</Filter>
    </ClCompile>
    <ClCompile Include="src\Games\MapGameController.cpp">
      <Filter>src\Games</Filter>
    </ClCompile>
    <ClCompile Include="src\Games\ReferenceMapHandler.cpp">
      <Filter>src\Games</Filter>
    </ClCompile>
    <ClCompile Include="src\Games\SandboxScoreTracker.cpp">
      <Filter>src\Games</Filter>
    </ClCompile>
    <ClCompile Include="src\Games\vehicle.cpp">
      <Filter>src\Games</Filter>
    </ClCompile>
    <ClCompile Include="src\KinectProjector\KinectGrabber.cpp">
      <Filter>src\KinectProjector</Filter>
    </ClCompile>
    <ClCompile Include="src\KinectProjector\KinectProjector.cpp">
      <Filter>src\KinectProjector</Filter>
    </ClCompile>
    <ClCompile Include="src\KinectProjector\KinectProjectorCalibration.cpp">
      <Filter>src\KinectProjector</Filter>
    </ClCompile>
    <ClCompile Include="src\KinectProjector\libs\dlib\unicode\unicode.cpp">
      <Filter>src\KinectProjector\libs\dlib\unicode</Filter>
    </ClCompile>
    <ClCompile Include="src\KinectProjector\TemporalFrameFilter.cpp">
      <Filter>src\KinectProjector</Filter>
    </ClCompile>
    <ClCompile Include="src\main.cpp">
      <Filter>src</Filter>
    </ClCompile>
    <ClCompile Include="src\ofApp.cpp">
      <Filter>src</Filter>
    </ClCompile>
    <ClCompile Include="src\SandSurfaceRenderer\ColorMap.cpp">
      <Filter>src\SandSurfaceRenderer</Filter>
    </ClCompile>
    <ClCompile Include="src\SandSurfaceRenderer\SandSurfaceRenderer.cpp">
      <Filter>src\SandSurfaceRenderer</Filter>
    </ClCompile>
    <ClCompile Include="..\..\..\addons\ofxKinect\src\extra\ofxKinectExtras.cpp">
      <Filter>addons\ofxKinect\src\extra</Filter>
    </ClCompile>
    <ClCompile Include="..\..\..\addons\ofxKinect\src\ofxKinect.cpp">
      <Filter>addons\ofxKinect\src</Filter>
    </ClCompile>
    <ClCompile Include="..\..\..\addons\ofxKinect\libs\libfreenect\platform\windows\libusb10emu\libusb-1.0\failguard.cpp">
      <Filter>addons\ofxKinect\libs\libfreenect\platform\windows\libusb10emu\libusb-1.0</Filter>
    </ClCompile>
    <ClCompile Include="..\..\..\addons\ofxKinect\libs\libfreenect\platform\windows\libusb10emu\libusb-1.0\libusbemu.cpp">
      <Filter>addons\ofxKinect\libs\libfreenect\platform\windows\libusb10emu\libusb-1.0</Filter>
    </ClCompile>
    <ClCompile Include="..\..\..\addons\ofxKinect\libs\libfreenect\src\audio.c">
      <Filter>addons\ofxKinect\libs\libfreenect\src</Filter>
    </ClCompile>
    <ClCompile Include="..\..\..\addons\ofxKinect\libs\libfreenect\src\cameras.c">
      <Filter>addons\ofxKinect\libs\libfreenect\src</Filter>
    </ClCompile>
    <ClCompile Include="..\..\..\addons\ofxKinect\libs\libfreenect\src\core.c">
      <Filter>addons\ofxKinect\libs\libfreenect\src</Filter>
    </ClCompile>
    <ClCompile Include="..\..\..\addons\ofxKinect\libs\libfreenect\src\flags.c">
      <Filter>addons\ofxKinect\libs\libfreenect\src</Filter>
    </ClCompile>
    <ClCompile Include="..\..\..\addons\ofxKinect\libs\libfreenect\src\keep_alive.c">
      <Filter>addons\ofxKinect\libs\libfreenect\src</Filter>
    </ClCompile>
    <ClCompile Include="..\..\..\addons\ofxKinect\libs\libfreenect\src\loader.c">
      <Filter>addons\ofxKinect\libs\libfreenect\src</Filter>
    </ClCompile>
    <ClCompile Include="..\..\..\addons\ofxKinect\libs\libfreenect\src\registration.c">
      <Filter>addons\ofxKinect\libs\libfreenect\src</Filter>
    </ClCompile>
    <ClCompile Include="..\..\..\addons\ofxKinect\libs\libfreenect\src\tilt.c">
      <Filter>addons\ofxKinect\libs\libfreenect\src</Filter>
    </ClCompile>
    <ClCompile Include="..\..\..\addons\ofxKinect\libs\libfreenect\src\usb_libusb10.c">
      <Filter>addons\ofxKinect\libs\libfreenect\src</Filter>
    </ClCompile>
    <ClCompile Include="..\..\..\addons\ofxKinect\libs\libfreenect\platform\windows\libusb10emu\libusb-1.0\failguard.cpp">
      <Filter>other</Filter>
    </ClCompile>
    <ClCompile Include="..\..\..\addons\ofxKinect\libs\libfreenect\platform\windows\libusb10emu\libusb-1.0\libusbemu.cpp">
      <Filter>other</Filter>
    </ClCompile>
    <ClCompile Include="..\..\..\addons\ofxXmlSettings\src\ofxXmlSettings.cpp">
      <Filter>addons\ofxXmlSettings\src</Filter>
    </ClCompile>
    <ClCompile Include="..\..\..\addons\ofxXmlSettings\libs\tinyxml.cpp">
      <Filter>addons\ofxXmlSettings\libs</Filter>
    </ClCompile>
    <ClCompile Include="..\..\..\addons\ofxXmlSettings\libs\tinyxmlerror.cpp">
      <Filter>addons\ofxXmlSettings\libs</Filter>
    </ClCompile>
    <ClCompile Include="..\..\..\addons\ofxXmlSettings\libs\tinyxmlparser.cpp">
      <Filter>addons\ofxXmlSettings\libs</Filter>
    </ClCompile>
    <ClCompile Include="..\..\..\addons\ofxNetwork\src\ofxTCPClient.cpp">
      <Filter>addons\ofxNetwork\src</Filter>
    </ClCompile>
    <ClCompile Include="..\..\..\addons\ofxNetwork\src\ofxTCPManager.cpp">
      <Filter>addons\ofxNetwork\src</Filter>
    </ClCompile>
    <ClCompile Include="..\..\..\addons\ofxNetwork\src\ofxTCPServer.cpp">
      <Filter>addons\ofxNetwork\src</Filter>
    </ClCompile>
    <ClCompile Include="..\..\..\addons\ofxNetwork\src\ofxUDPManager.cpp">
      <Filter>addons\ofxNetwork\src</Filter>
    </ClCompile>
    <ClCompile Include="..\..\..\addons\ofxOpenCv\src\ofxCvColorImage.cpp">
      <Filter>addons\ofxOpenCv\src</Filter>
    </ClCompile>
    <ClCompile Include="..\..\..\addons\ofxOpenCv\src\ofxCvContourFinder.cpp">
      <Filter>addons\ofxOpenCv\src</Filter>
    </ClCompile>
    <ClCompile Include="..\..\..\addons\ofxOpenCv\src\ofxCvFloatImage.cpp">
      <Filter>addons\ofxOpenCv\src</Filter>
    </ClCompile>
    <ClCompile Include="..\..\..\addons\ofxOpenCv\src\ofxCvGrayscaleImage.cpp">
      <Filter>addons\ofxOpenCv\src</Filter>
    </ClCompile>
    <ClCompile Include="..\..\..\addons\ofxOpenCv\src\ofxCvHaarFinder.cpp">
      <Filter>addons\ofxOpenCv\src</Filter>
    </ClCompile>
    <ClCompile Include="..\..\..\addons\ofxOpenCv\src\ofxCvImage.cpp">
      <Filter>addons\ofxOpenCv\src</Filter>
    </ClCompile>
    <ClCompile Include="..\..\..\addons\ofxOpenCv\src\ofxCvShortImage.cpp">
      <Filter>addons\ofxOpenCv\src</Filter>
    </ClCompile>
    <ClCompile Include="..\..\..\addons\ofxCv\libs\CLD\src\ETF.cpp">
      <Filter>addons\ofxCv\libs\CLD\src</Filter>
    </ClCompile>
    <ClCompile Include="..\..\..\addons\ofxCv\libs\CLD\src\fdog.cpp">
      <Filter>addons\ofxCv\libs\CLD\src</Filter>
    </ClCompile>
    <ClCompile Include="..\..\..\addons\ofxCv\libs\ofxCv\src\Calibration.cpp">
      <Filter>addons\ofxCv\libs\ofxCv\src</Filter>
    </ClCompile>
    <ClCompile Include="..\..\..\addons\ofxCv\libs\ofxCv\src\ContourFinder.cpp">
      <Filter>addons\ofxCv\libs\ofxCv\src</Filter>
    </ClCompile>
    <ClCompile Include="..\..\..\addons\ofxCv\libs\ofxCv\src\Distance.cpp">
      <Filter>addons\ofxCv\libs\ofxCv\src</Filter>
    </ClCompile>
    <ClCompile Include="..\..\..\addons\ofxCv\libs\ofxCv\src\Flow.cpp">
      <Filter>addons\ofxCv\libs\ofxCv\src</Filter>
    </ClCompile>
    <ClCompile Include="..\..\..\addons\ofxCv\libs\ofxCv\src\Helpers.cpp">
      <Filter>addons\ofxCv\libs\ofxCv\src</Filter>
    </ClCompile>
    <ClCompile Include="..\..\..\addons\ofxCv\libs\ofxCv\src\Kalman.cpp">
      <Filter>addons\ofxCv\libs\ofxCv\src</Filter>
    </ClCompile>
    <ClCompile Include="..\..\..\addons\ofxCv\libs\ofxCv\src\ObjectFinder.cpp">
      <Filter>addons\ofxCv\libs\ofxCv\src</Filter>
    </ClCompile>
    <ClCompile Include="..\..\..\addons\ofxCv\libs\ofxCv\src\RunningBackground.cpp">
      <Filter>addons\ofxCv\libs\ofxCv\src</Filter>
    </ClCompile>
    <ClCompile Include="..\..\..\addons\ofxCv\libs\ofxCv\src\Tracker.cpp">
      <Filter>addons\ofxCv\libs\ofxCv\src</Filter>
    </ClCompile>
    <ClCompile Include="..\..\..\addons\ofxCv\libs\ofxCv\src\Utilities.cpp">
      <Filter>addons\ofxCv\libs\ofxCv\src</Filter>
    </ClCompile>
    <ClCompile Include="..\..\..\addons\ofxCv\libs\ofxCv\src\Wrappers.cpp">
      <Filter>addons\ofxCv\libs\ofxCv\src</Filter>
    </ClCompile>
    <ClCompile Include="..\..\..\addons\ofxDatGui\src\ofxDatGui.cpp">
      <Filter>addons\ofxDatGui\src</Filter>
    </ClCompile>
    <ClCompile Include="..\..\..\addons\ofxDatGui\src\core\ofxDatGuiComponent.cpp">
      <Filter>addons\ofxDatGui\src\core</Filter>
    </ClCompile>
    <ClCompile Include="..\..\..\addons\ofxDatGui\src\libs\ofxSmartFont\ofxSmartFont.cpp">
      <Filter>addons\ofxDatGui\src\libs\ofxSmartFont</Filter>
    </ClCompile>
    <ClCompile Include="..\..\..\addons\ofxModal\src\ofxModalWindow.cpp">
      <Filter>addons\ofxModal\src</Filter>
    </ClCompile>
    <ClCompile Include="..\..\..\addons\ofxParagraph\src\ofxParagraph.cpp">
      <Filter>addons\ofxParagraph\src</Filter>
    </ClCompile>
    <ClCompile Include="src\Games\HeightMapServer.cpp">
      <Filter>src\Games</Filter>
    </ClCompile>
  </ItemGroup>
  <ItemGroup>
    <Filter Include="src">
      <UniqueIdentifier>{d8376475-7454-4a24-b08a-aac121d3ad6f}</UniqueIdentifier>
    </Filter>
    <Filter Include="src\Games">
      <UniqueIdentifier>{47C17FFC-FD27-0109-B674-2052}</UniqueIdentifier>
    </Filter>
    <Filter Include="src\KinectProjector">
      <UniqueIdentifier>{4A6D08AB-E96F-4D0B-0D42-40B6}</UniqueIdentifier>
    </Filter>
    <Filter Include="src\KinectProjector\libs">
      <UniqueIdentifier>{8024C2B0-5B23-BB7C-9662-3A41}</UniqueIdentifier>
    </Filter>
    <Filter Include="src\KinectProjector\libs\dlib">
      <UniqueIdentifier>{40F70FD4-1EE5-E461-BCC5-3207}</UniqueIdentifier>
    </Filter>
    <Filter Include="src\KinectProjector\libs\dlib\geometry">
      <UniqueIdentifier>{B931AFC0-872E-7D69-FDE7-51A5}</UniqueIdentifier>
    </Filter>
    <Filter Include="src\KinectProjector\libs\dlib\interfaces">
      <UniqueIdentifier>{8A89A561-9440-27FB-F3EB-C7C3}</UniqueIdentifier>
    </Filter>
    <Filter Include="src\KinectProjector\libs\dlib\matrix">
      <UniqueIdentifier>{22838834-964D-B0C6-5226-69F1}</UniqueIdentifier>
    </Filter>
    <Filter Include="src\KinectProjector\libs\dlib\matrix\lapack">
      <UniqueIdentifier>{75A7F58B-BA16-2A34-0C2B-9707}</UniqueIdentifier>
    </Filter>
    <Filter Include="src\KinectProjector\libs\dlib\memory_manager_stateless">
      <UniqueIdentifier>{A0ED3232-16B8-D4A1-3EE6-3CF8}</UniqueIdentifier>
    </Filter>
    <Filter Include="src\KinectProjector\libs\dlib\unicode">
      <UniqueIdentifier>{DD4BFA0F-00B3-A462-90BE-9A94}</UniqueIdentifier>
    </Filter>
    <Filter Include="src\SandSurfaceRenderer">
      <UniqueIdentifier>{2B1053F3-67BF-AA43-9903-8BD2}</UniqueIdentifier>
    </Filter>
    <Filter Include="addons">
      <UniqueIdentifier>{71834F65-F3A9-211E-73B8-DC85}</UniqueIdentifier>
    </Filter>
    <Filter Include="addons\ofxKinect">
      <UniqueIdentifier>{B7F05916-2DAA-8604-92E8-9A28}</UniqueIdentifier>
    </Filter>
    <Filter Include="addons\ofxKinect\src">
      <UniqueIdentifier>{C16604A1-D9F2-E615-4352-057F}</UniqueIdentifier>
    </Filter>
    <Filter Include="addons\ofxKinect\src\extra">
      <UniqueIdentifier>{7EB153FE-B71B-8161-D6DE-947F}</UniqueIdentifier>
    </Filter>
    <Filter Include="addons\ofxKinect\libs">
      <UniqueIdentifier>{3BE4DDBD-E9EF-0189-E5FD-4477}</UniqueIdentifier>
    </Filter>
    <Filter Include="addons\ofxKinect\libs\libfreenect">
      <UniqueIdentifier>{6416D445-F422-712E-EDA0-F45E}</UniqueIdentifier>
    </Filter>
    <Filter Include="addons\ofxKinect\libs\libfreenect\include">
      <UniqueIdentifier>{F7A2459D-BD30-38D3-05BB-4653}</UniqueIdentifier>
    </Filter>
    <Filter Include="addons\ofxKinect\libs\libfreenect\platform">
      <UniqueIdentifier>{7103C6E1-7CB0-0812-CF4A-0C3F}</UniqueIdentifier>
    </Filter>
    <Filter Include="addons\ofxKinect\libs\libfreenect\platform\windows">
      <UniqueIdentifier>{6FC8E074-DEF7-EC60-8276-5D23}</UniqueIdentifier>
    </Filter>
    <Filter Include="addons\ofxKinect\libs\libfreenect\platform\windows\libusb10emu">
      <UniqueIdentifier>{BA4C2EF6-D0B5-7776-4EAC-8747}</UniqueIdentifier>
    </Filter>
    <Filter Include="addons\ofxKinect\libs\libfreenect\platform\windows\libusb10emu\libusb-1.0">
      <UniqueIdentifier>{3454A2E9-B42D-4841-319D-5EC4}</UniqueIdentifier>
    </Filter>
    <Filter Include="addons\ofxKinect\libs\libfreenect\src">
      <UniqueIdentifier>{62D6194F-F881-A1EE-EF63-07E8}</UniqueIdentifier>
    </Filter>
    <Filter Include="addons\ofxKinect\libs\libusb-1.0">
      <UniqueIdentifier>{5838B809-7FFE-7F4F-F59D-CD6F}</UniqueIdentifier>
    </Filter>
    <Filter Include="addons\ofxKinect\libs\libusb-1.0\include">
      <UniqueIdentifier>{E7C89560-D6AC-0A54-F045-7C6A}</UniqueIdentifier>
    </Filter>
    <Filter Include="addons\ofxKinect\libs\libusb-1.0\include\libusb-1.0">
      <UniqueIdentifier>{18315E5D-B960-517E-8B9F-6870}</UniqueIdentifier>
    </Filter>
    <Filter Include="addons\ofxKinect\libs\libusb-win32">
      <UniqueIdentifier>{8A8ECFF4-1224-885A-A8CA-E99F}</UniqueIdentifier>
    </Filter>
    <Filter Include="addons\ofxKinect\libs\libusb-win32\include">
      <UniqueIdentifier>{D1AFEAD3-991A-EAD4-639C-4098}</UniqueIdentifier>
    </Filter>
    <Filter Include="other">
      <UniqueIdentifier>{A2230F47-9F6B-908F-FF0E-E006}</UniqueIdentifier>
    </Filter>
    <Filter Include="addons\ofxXmlSettings">
      <UniqueIdentifier>{877F005D-13E6-0592-1D97-F2E3}</UniqueIdentifier>
    </Filter>
    <Filter Include="addons\ofxXmlSettings\src">
      <UniqueIdentifier>{CCB2AC63-49D2-977C-CFE8-AEAD}</UniqueIdentifier>
    </Filter>
    <Filter Include="addons\ofxXmlSettings\libs">
      <UniqueIdentifier>{687714A8-1662-FA1C-261F-50F0}</UniqueIdentifier>
    </Filter>
    <Filter Include="addons\ofxNetwork">
      <UniqueIdentifier>{dd2fcafd-7b41-4171-be56-79b0af6ec7df}</UniqueIdentifier>
    </Filter>
    <Filter Include="addons\ofxNetwork\src">
      <UniqueIdentifier>{f0d5df0a-a84e-4380-be77-41ad3ab4cb4e}</UniqueIdentifier>
    </Filter>
    <Filter Include="addons\ofxOpenCv">
      <UniqueIdentifier>{d8af4970-be30-474d-b5c0-bc0548b2819a}</UniqueIdentifier>
    </Filter>
    <Filter Include="addons\ofxOpenCv\src">
      <UniqueIdentifier>{0d3d8936-964d-41b6-9f72-a7a4223f03de}</UniqueIdentifier>
    </Filter>
    <Filter Include="addons\ofxOpenCv\libs">
      <UniqueIdentifier>{be1b3b03-f515-450b-8a8b-de4cc7dbe077}</UniqueIdentifier>
    </Filter>
    <Filter Include="addons\ofxOpenCv\libs\opencv">
      <UniqueIdentifier>{bc6aa0d1-4eb0-4a7c-b235-bac12bc4fd76}</UniqueIdentifier>
    </Filter>
    <Filter Include="addons\ofxOpenCv\libs\opencv\include">
      <UniqueIdentifier>{dd694034-68e2-4568-bdf4-f668c155f97b}</UniqueIdentifier>
    </Filter>
    <Filter Include="addons\ofxOpenCv\libs\opencv\include\opencv">
      <UniqueIdentifier>{6fd92a94-226f-4322-b25e-3b75a911fae9}</UniqueIdentifier>
    </Filter>
    <Filter Include="addons\ofxOpenCv\libs\opencv\include\opencv2">
      <UniqueIdentifier>{b71c5249-a46a-497a-a480-1c5c585c607e}</UniqueIdentifier>
    </Filter>
    <Filter Include="addons\ofxOpenCv\libs\opencv\include\opencv2\calib3d">
      <UniqueIdentifier>{d6594d13-f43c-414a-8a42-807e65930b1c}</UniqueIdentifier>
    </Filter>
    <Filter Include="addons\ofxOpenCv\libs\opencv\include\opencv2\contrib">
      <UniqueIdentifier>{29cf9f58-f870-41e6-aba2-20af813bf559}</UniqueIdentifier>
    </Filter>
    <Filter Include="addons\ofxOpenCv\libs\opencv\include\opencv2\core">
      <UniqueIdentifier>{befe6fc9-6598-4dc2-8acc-b0290cc99969}</UniqueIdentifier>
    </Filter>
    <Filter Include="addons\ofxOpenCv\libs\opencv\include\opencv2\features2d">
      <UniqueIdentifier>{ddde21c0-56f4-401c-8195-b774b10a3a57}</UniqueIdentifier>
    </Filter>
    <Filter Include="addons\ofxOpenCv\libs\opencv\include\opencv2\flann">
      <UniqueIdentifier>{5e92f520-5967-430a-8e75-08137df99581}</UniqueIdentifier>
    </Filter>
    <Filter Include="addons\ofxOpenCv\libs\opencv\include\opencv2\gpu">
      <UniqueIdentifier>{c76b2263-5772-4b26-aa60-4b366907b6ea}</UniqueIdentifier>
    </Filter>
    <Filter Include="addons\ofxOpenCv\libs\opencv\include\opencv2\gpu\device">
      <UniqueIdentifier>{13ae3cc1-1086-47d6-a566-be9c859a5913}</UniqueIdentifier>
    </Filter>
    <Filter Include="addons\ofxOpenCv\libs\opencv\include\opencv2\gpu\device\detail">
      <UniqueIdentifier>{7f554216-89dd-4c32-83ad-62212d156c0e}</UniqueIdentifier>
    </Filter>
    <Filter Include="addons\ofxOpenCv\libs\opencv\include\opencv2\highgui">
      <UniqueIdentifier>{e85da160-4281-4e49-8858-fe5b20d6b796}</UniqueIdentifier>
    </Filter>
    <Filter Include="addons\ofxOpenCv\libs\opencv\include\opencv2\imgproc">
      <UniqueIdentifier>{e0767d52-6973-43d4-a80f-dc90744b29e4}</UniqueIdentifier>
    </Filter>
    <Filter Include="addons\ofxOpenCv\libs\opencv\include\opencv2\legacy">
      <UniqueIdentifier>{8deac163-5fd8-421b-bd74-3d3f392c817d}</UniqueIdentifier>
    </Filter>
    <Filter Include="addons\ofxOpenCv\libs\opencv\include\opencv2\ml">
      <UniqueIdentifier>{a3cf2f9d-7489-45d4-b777-d69e857a05a9}</UniqueIdentifier>
    </Filter>
    <Filter Include="addons\ofxOpenCv\libs\opencv\include\opencv2\nonfree">
      <UniqueIdentifier>{918a97e6-7a27-455f-a960-9cd27cc5f5f0}</UniqueIdentifier>
    </Filter>
    <Filter Include="addons\ofxOpenCv\libs\opencv\include\opencv2\objdetect">
      <UniqueIdentifier>{4aaee401-9d1d-4bd0-8c91-8f21f870279b}</UniqueIdentifier>
    </Filter>
    <Filter Include="addons\ofxOpenCv\libs\opencv\include\opencv2\photo">
      <UniqueIdentifier>{e568a231-7604-4830-a1f5-11b955cf41a6}</UniqueIdentifier>
    </Filter>
    <Filter Include="addons\ofxOpenCv\libs\opencv\include\opencv2\stitching">
      <UniqueIdentifier>{25b3a55e-3b03-469b-9a79-9e39ceac640c}</UniqueIdentifier>
    </Filter>
    <Filter Include="addons\ofxOpenCv\libs\opencv\include\opencv2\stitching\detail">
      <UniqueIdentifier>{36442739-15f9-4a05-b2ec-c28ba679cbb9}</UniqueIdentifier>
    </Filter>
    <Filter Include="addons\ofxOpenCv\libs\opencv\include\opencv2\superres">
      <UniqueIdentifier>{ea530b9f-dbcb-4ba9-9dc4-ccb79db15525}</UniqueIdentifier>
    </Filter>
    <Filter Include="addons\ofxOpenCv\libs\opencv\include\opencv2\ts">
      <UniqueIdentifier>{40863d44-a298-4828-8a8f-8c740e8443dc}</UniqueIdentifier>
    </Filter>
    <Filter Include="addons\ofxOpenCv\libs\opencv\include\opencv2\video">
      <UniqueIdentifier>{2df62e38-5011-41e4-b260-fa7c7109415e}</UniqueIdentifier>
    </Filter>
    <Filter Include="addons\ofxOpenCv\libs\opencv\include\opencv2\videostab">
      <UniqueIdentifier>{d953948f-746c-496b-a7f9-675bc1552742}</UniqueIdentifier>
    </Filter>
    <Filter Include="addons\ofxCv">
      <UniqueIdentifier>{62306397-41be-423e-85ea-b1f827193562}</UniqueIdentifier>
    </Filter>
    <Filter Include="addons\ofxCv\src">
      <UniqueIdentifier>{f3b5f4e7-dad1-406e-924c-db3b69e817a5}</UniqueIdentifier>
    </Filter>
    <Filter Include="addons\ofxCv\libs">
      <UniqueIdentifier>{4de05540-fb9a-44a6-b535-cd32b70381f3}</UniqueIdentifier>
    </Filter>
    <Filter Include="addons\ofxCv\libs\CLD">
      <UniqueIdentifier>{256962af-c87e-43e5-b119-6b399a4f3dc8}</UniqueIdentifier>
    </Filter>
    <Filter Include="addons\ofxCv\libs\CLD\include">
      <UniqueIdentifier>{5fadd602-f924-44f7-b757-ff3c1ae949c0}</UniqueIdentifier>
    </Filter>
    <Filter Include="addons\ofxCv\libs\CLD\include\CLD">
      <UniqueIdentifier>{c941c898-b096-4af7-8e70-37fd30190b59}</UniqueIdentifier>
    </Filter>
    <Filter Include="addons\ofxCv\libs\CLD\src">
      <UniqueIdentifier>{774d1f7a-6ce5-4120-9ce3-3da85a19bc22}</UniqueIdentifier>
    </Filter>
    <Filter Include="addons\ofxCv\libs\ofxCv">
      <UniqueIdentifier>{da8111ba-bec2-4ff2-ab2e-98d399766a34}</UniqueIdentifier>
    </Filter>
    <Filter Include="addons\ofxCv\libs\ofxCv\include">
      <UniqueIdentifier>{96ad9823-f55a-417a-90ea-c71e4848c180}</UniqueIdentifier>
    </Filter>
    <Filter Include="addons\ofxCv\libs\ofxCv\include\ofxCv">
      <UniqueIdentifier>{172ffc6f-d55d-49fe-a0cb-d3153c19777f}</UniqueIdentifier>
    </Filter>
    <Filter Include="addons\ofxCv\libs\ofxCv\src">
      <UniqueIdentifier>{a9336077-defa-4669-a1ca-83401dcd0539}</UniqueIdentifier>
    </Filter>
    <Filter Include="addons\ofxDatGui">
      <UniqueIdentifier>{c2995097-0443-4280-9291-35bc71b3d01c}</UniqueIdentifier>
    </Filter>
    <Filter Include="addons\ofxDatGui\src">
      <UniqueIdentifier>{ff1d90d5-7f0b-4142-bfd6-2914c1b7add5}</UniqueIdentifier>
    </Filter>
    <Filter Include="addons\ofxDatGui\src\components">
      <UniqueIdentifier>{cee878b2-0ee6-490e-9654-6042b60d0b6d}</UniqueIdentifier>
    </Filter>
    <Filter Include="addons\ofxDatGui\src\core">
      <UniqueIdentifier>{5352e479-095d-46d8-b592-e94f410c92a0}</UniqueIdentifier>
    </Filter>
    <Filter Include="addons\ofxDatGui\src\libs">
      <UniqueIdentifier>{e309f5f8-03ef-4f22-876f-ee61bf5af9a5}</UniqueIdentifier>
    </Filter>
    <Filter Include="addons\ofxDatGui\src\libs\ofxSmartFont">
      <UniqueIdentifier>{2b5f86b8-a968-469b-b526-f242a200c038}</UniqueIdentifier>
    </Filter>
    <Filter Include="addons\ofxDatGui\src\themes">
      <UniqueIdentifier>{276f8e65-39bd-4060-a0f9-8554a3187e32}</UniqueIdentifier>
    </Filter>
    <Filter Include="addons\ofxModal">
      <UniqueIdentifier>{4718ed0a-d5eb-42c3-be6d-d44ca33518c2}</UniqueIdentifier>
    </Filter>
    <Filter Include="addons\ofxModal\src">
      <UniqueIdentifier>{f1bed2e4-4964-418f-acc6-34baa241f88b}</UniqueIdentifier>
    </Filter>
    <Filter Include="addons\ofxParagraph">
      <UniqueIdentifier>{d7b0417e-a535-4be8-99f2-058a4e6f4197}</UniqueIdentifier>
    </Filter>
    <Filter Include="addons\ofxParagraph\src">
      <UniqueIdentifier>{47ef8f36-5943-4761-9335-82b0f78c86c8}</UniqueIdentifier>
    </Filter>
  </ItemGroup>
  <ItemGroup>
    <ClInclude Include="src\ofApp.h">
      <Filter>src</Filter>
    </ClInclude>
    <ClInclude Include="src\Games\BoidGameController.h">
      <Filter>src\Games</Filter>
    </ClInclude>
    <ClInclude Include="src\Games\MapGameController.h">
      <Filter>src\Games</Filter>
    </ClInclude>
    <ClInclude Include="src\Games\ReferenceMapHandler.h">
      <Filter>src\Games</Filter>
    </ClInclude>
    <ClInclude Include="src\Games\SandboxScoreTracker.h">
      <Filter>src\Games</Filter>
    </ClInclude>
    <ClInclude Include="src\Games\vehicle.h">
      <Filter>src\Games</Filter>
    </ClInclude>
    <ClInclude Include="src\KinectProjector\KinectGrabber.h">
      <Filter>src\KinectProjector</Filter>
    </ClInclude>
    <ClInclude Include="src\KinectProjector\KinectProjector.h">
      <Filter>src\KinectProjector</Filter>
    </ClInclude>
    <ClInclude Include="src\KinectProjector\KinectProjectorCalibration.h">
      <Filter>src\KinectProjector</Filter>
    </ClInclude>
    <ClInclude Include="src\KinectProjector\libs\dlib\algs.h">
      <Filter>src\KinectProjector\libs\dlib</Filter>
    </ClInclude>
    <ClInclude Include="src\KinectProjector\libs\dlib\dassert.h">
      <Filter>src\KinectProjector\libs\dlib</Filter>
    </ClInclude>
    <ClInclude Include="src\KinectProjector\libs\dlib\enable_if.h">
      <Filter>src\KinectProjector\libs\dlib</Filter>
    </ClInclude>
    <ClInclude Include="src\KinectProjector\libs\dlib\error.h">
      <Filter>src\KinectProjector\libs\dlib</Filter>
    </ClInclude>
    <ClInclude Include="src\KinectProjector\libs\dlib\geometry\border_enumerator.h">
      <Filter>src\KinectProjector\libs\dlib\geometry</Filter>
    </ClInclude>
    <ClInclude Include="src\KinectProjector\libs\dlib\geometry\border_enumerator_abstract.h">
      <Filter>src\KinectProjector\libs\dlib\geometry</Filter>
    </ClInclude>
    <ClInclude Include="src\KinectProjector\libs\dlib\geometry\rectangle.h">
      <Filter>src\KinectProjector\libs\dlib\geometry</Filter>
    </ClInclude>
    <ClInclude Include="src\KinectProjector\libs\dlib\geometry\rectangle_abstract.h">
      <Filter>src\KinectProjector\libs\dlib\geometry</Filter>
    </ClInclude>
    <ClInclude Include="src\KinectProjector\libs\dlib\geometry\vector.h">
      <Filter>src\KinectProjector\libs\dlib\geometry</Filter>
    </ClInclude>
    <ClInclude Include="src\KinectProjector\libs\dlib\geometry\vector_abstract.h">
      <Filter>src\KinectProjector\libs\dlib\geometry</Filter>
    </ClInclude>
    <ClInclude Include="src\KinectProjector\libs\dlib\interfaces\cmd_line_parser_option.h">
      <Filter>src\KinectProjector\libs\dlib\interfaces</Filter>
    </ClInclude>
    <ClInclude Include="src\KinectProjector\libs\dlib\interfaces\enumerable.h">
      <Filter>src\KinectProjector\libs\dlib\interfaces</Filter>
    </ClInclude>
    <ClInclude Include="src\KinectProjector\libs\dlib\interfaces\map_pair.h">
      <Filter>src\KinectProjector\libs\dlib\interfaces</Filter>
    </ClInclude>
    <ClInclude Include="src\KinectProjector\libs\dlib\interfaces\remover.h">
      <Filter>src\KinectProjector\libs\dlib\interfaces</Filter>
    </ClInclude>
    <ClInclude Include="src\KinectProjector\libs\dlib\is_kind.h">
      <Filter>src\KinectProjector\libs\dlib</Filter>
    </ClInclude>
    <ClInclude Include="src\KinectProjector\libs\dlib\matrix\cblas_constants.h">
      <Filter>src\KinectProjector\libs\dlib\matrix</Filter>
    </ClInclude>
    <ClInclude Include="src\KinectProjector\libs\dlib\matrix\lapack\fortran_id.h">
      <Filter>src\KinectProjector\libs\dlib\matrix\lapack</Filter>
    </ClInclude>
    <ClInclude Include="src\KinectProjector\libs\dlib\matrix\lapack\gees.h">
      <Filter>src\KinectProjector\libs\dlib\matrix\lapack</Filter>
    </ClInclude>
    <ClInclude Include="src\KinectProjector\libs\dlib\matrix\lapack\geev.h">
      <Filter>src\KinectProjector\libs\dlib\matrix\lapack</Filter>
    </ClInclude>
    <ClInclude Include="src\KinectProjector\libs\dlib\matrix\lapack\geqrf.h">
      <Filter>src\KinectProjector\libs\dlib\matrix\lapack</Filter>
    </ClInclude>
    <ClInclude Include="src\KinectProjector\libs\dlib\matrix\lapack\gesdd.h">
      <Filter>src\KinectProjector\libs\dlib\matrix\lapack</Filter>
    </ClInclude>
    <ClInclude Include="src\KinectProjector\libs\dlib\matrix\lapack\gesvd.h">
      <Filter>src\KinectProjector\libs\dlib\matrix\lapack</Filter>
    </ClInclude>
    <ClInclude Include="src\KinectProjector\libs\dlib\matrix\lapack\getrf.h">
      <Filter>src\KinectProjector\libs\dlib\matrix\lapack</Filter>
    </ClInclude>
    <ClInclude Include="src\KinectProjector\libs\dlib\matrix\lapack\ormqr.h">
      <Filter>src\KinectProjector\libs\dlib\matrix\lapack</Filter>
    </ClInclude>
    <ClInclude Include="src\KinectProjector\libs\dlib\matrix\lapack\potrf.h">
      <Filter>src\KinectProjector\libs\dlib\matrix\lapack</Filter>
    </ClInclude>
    <ClInclude Include="src\KinectProjector\libs\dlib\matrix\lapack\syev.h">
      <Filter>src\KinectProjector\libs\dlib\matrix\lapack</Filter>
    </ClInclude>
    <ClInclude Include="src\KinectProjector\libs\dlib\matrix\lapack\syevr.h">
      <Filter>src\KinectProjector\libs\dlib\matrix\lapack</Filter>
    </ClInclude>
    <ClInclude Include="src\KinectProjector\libs\dlib\matrix\matrix.h">
      <Filter>src\KinectProjector\libs\dlib\matrix</Filter>
    </ClInclude>
    <ClInclude Include="src\KinectProjector\libs\dlib\matrix\matrix_abstract.h">
      <Filter>src\KinectProjector\libs\dlib\matrix</Filter>
    </ClInclude>
    <ClInclude Include="src\KinectProjector\libs\dlib\matrix\matrix_assign.h">
      <Filter>src\KinectProjector\libs\dlib\matrix</Filter>
    </ClInclude>
    <ClInclude Include="src\KinectProjector\libs\dlib\matrix\matrix_assign_fwd.h">
      <Filter>src\KinectProjector\libs\dlib\matrix</Filter>
    </ClInclude>
    <ClInclude Include="src\KinectProjector\libs\dlib\matrix\matrix_blas_bindings.h">
      <Filter>src\KinectProjector\libs\dlib\matrix</Filter>
    </ClInclude>
    <ClInclude Include="src\KinectProjector\libs\dlib\matrix\matrix_cholesky.h">
      <Filter>src\KinectProjector\libs\dlib\matrix</Filter>
    </ClInclude>
    <ClInclude Include="src\KinectProjector\libs\dlib\matrix\matrix_conj_trans.h">
      <Filter>src\KinectProjector\libs\dlib\matrix</Filter>
    </ClInclude>
    <ClInclude Include="src\KinectProjector\libs\dlib\matrix\matrix_conv.h">
      <Filter>src\KinectProjector\libs\dlib\matrix</Filter>
    </ClInclude>
    <ClInclude Include="src\KinectProjector\libs\dlib\matrix\matrix_conv_abstract.h">
      <Filter>src\KinectProjector\libs\dlib\matrix</Filter>
    </ClInclude>
    <ClInclude Include="src\KinectProjector\libs\dlib\matrix\matrix_data_layout.h">
      <Filter>src\KinectProjector\libs\dlib\matrix</Filter>
    </ClInclude>
    <ClInclude Include="src\KinectProjector\libs\dlib\matrix\matrix_data_layout_abstract.h">
      <Filter>src\KinectProjector\libs\dlib\matrix</Filter>
    </ClInclude>
    <ClInclude Include="src\KinectProjector\libs\dlib\matrix\matrix_default_mul.h">
      <Filter>src\KinectProjector\libs\dlib\matrix</Filter>
    </ClInclude>
    <ClInclude Include="src\KinectProjector\libs\dlib\matrix\matrix_eigenvalue.h">
      <Filter>src\KinectProjector\libs\dlib\matrix</Filter>
    </ClInclude>
    <ClInclude Include="src\KinectProjector\libs\dlib\matrix\matrix_exp.h">
      <Filter>src\KinectProjector\libs\dlib\matrix</Filter>
    </ClInclude>
    <ClInclude Include="src\KinectProjector\libs\dlib\matrix\matrix_expressions.h">
      <Filter>src\KinectProjector\libs\dlib\matrix</Filter>
    </ClInclude>
    <ClInclude Include="src\KinectProjector\libs\dlib\matrix\matrix_exp_abstract.h">
      <Filter>src\KinectProjector\libs\dlib\matrix</Filter>
    </ClInclude>
    <ClInclude Include="src\KinectProjector\libs\dlib\matrix\matrix_fwd.h">
      <Filter>src\KinectProjector\libs\dlib\matrix</Filter>
    </ClInclude>
    <ClInclude Include="src\KinectProjector\libs\dlib\matrix\matrix_la.h">
      <Filter>src\KinectProjector\libs\dlib\matrix</Filter>
    </ClInclude>
    <ClInclude Include="src\KinectProjector\libs\dlib\matrix\matrix_la_abstract.h">
      <Filter>src\KinectProjector\libs\dlib\matrix</Filter>
    </ClInclude>
    <ClInclude Include="src\KinectProjector\libs\dlib\matrix\matrix_lu.h">
      <Filter>src\KinectProjector\libs\dlib\matrix</Filter>
    </ClInclude>
    <ClInclude Include="src\KinectProjector\libs\dlib\matrix\matrix_math_functions.h">
      <Filter>src\KinectProjector\libs\dlib\matrix</Filter>
    </ClInclude>
    <ClInclude Include="src\KinectProjector\libs\dlib\matrix\matrix_math_functions_abstract.h">
      <Filter>src\KinectProjector\libs\dlib\matrix</Filter>
    </ClInclude>
    <ClInclude Include="src\KinectProjector\libs\dlib\matrix\matrix_op.h">
      <Filter>src\KinectProjector\libs\dlib\matrix</Filter>
    </ClInclude>
    <ClInclude Include="src\KinectProjector\libs\dlib\matrix\matrix_qr.h">
      <Filter>src\KinectProjector\libs\dlib\matrix</Filter>
    </ClInclude>
    <ClInclude Include="src\KinectProjector\libs\dlib\matrix\matrix_subexp.h">
      <Filter>src\KinectProjector\libs\dlib\matrix</Filter>
    </ClInclude>
    <ClInclude Include="src\KinectProjector\libs\dlib\matrix\matrix_subexp_abstract.h">
      <Filter>src\KinectProjector\libs\dlib\matrix</Filter>
    </ClInclude>
    <ClInclude Include="src\KinectProjector\libs\dlib\matrix\matrix_trsm.h">
      <Filter>src\KinectProjector\libs\dlib\matrix</Filter>
    </ClInclude>
    <ClInclude Include="src\KinectProjector\libs\dlib\matrix\matrix_utilities.h">
      <Filter>src\KinectProjector\libs\dlib\matrix</Filter>
    </ClInclude>
    <ClInclude Include="src\KinectProjector\libs\dlib\matrix\matrix_utilities_abstract.h">
      <Filter>src\KinectProjector\libs\dlib\matrix</Filter>
    </ClInclude>
    <ClInclude Include="src\KinectProjector\libs\dlib\matrix\symmetric_matrix_cache.h">
      <Filter>src\KinectProjector\libs\dlib\matrix</Filter>
    </ClInclude>
    <ClInclude Include="src\KinectProjector\libs\dlib\matrix\symmetric_matrix_cache_abstract.h">
      <Filter>src\KinectProjector\libs\dlib\matrix</Filter>
    </ClInclude>
    <ClInclude Include="src\KinectProjector\libs\dlib\matrix.h">
      <Filter>src\KinectProjector\libs\dlib</Filter>
    </ClInclude>
    <ClInclude Include="src\KinectProjector\libs\dlib\memory_manager_stateless\memory_manager_stateless_kernel_1.h">
      <Filter>src\KinectProjector\libs\dlib\memory_manager_stateless</Filter>
    </ClInclude>
    <ClInclude Include="src\KinectProjector\libs\dlib\memory_manager_stateless\memory_manager_stateless_kernel_2.h">
      <Filter>src\KinectProjector\libs\dlib\memory_manager_stateless</Filter>
    </ClInclude>
    <ClInclude Include="src\KinectProjector\libs\dlib\memory_manager_stateless\memory_manager_stateless_kernel_abstract.h">
      <Filter>src\KinectProjector\libs\dlib\memory_manager_stateless</Filter>
    </ClInclude>
    <ClInclude Include="src\KinectProjector\libs\dlib\noncopyable.h">
      <Filter>src\KinectProjector\libs\dlib</Filter>
    </ClInclude>
    <ClInclude Include="src\KinectProjector\libs\dlib\platform.h">
      <Filter>src\KinectProjector\libs\dlib</Filter>
    </ClInclude>
    <ClInclude Include="src\KinectProjector\libs\dlib\serialize.h">
      <Filter>src\KinectProjector\libs\dlib</Filter>
    </ClInclude>
    <ClInclude Include="src\KinectProjector\libs\dlib\stack_trace.h">
      <Filter>src\KinectProjector\libs\dlib</Filter>
    </ClInclude>
    <ClInclude Include="src\KinectProjector\libs\dlib\uintn.h">
      <Filter>src\KinectProjector\libs\dlib</Filter>
    </ClInclude>
    <ClInclude Include="src\KinectProjector\libs\dlib\unicode\unicode.h">
      <Filter>src\KinectProjector\libs\dlib\unicode</Filter>
    </ClInclude>
    <ClInclude Include="src\KinectProjector\libs\dlib\unicode\unicode_abstract.h">
      <Filter>src\KinectProjector\libs\dlib\unicode</Filter>
    </ClInclude>
    <ClInclude Include="src\KinectProjector\libs\dlib\unicode.h">
      <Filter>src\KinectProjector\libs\dlib</Filter>
    </ClInclude>
    <ClInclude Include="src\KinectProjector\libs\dlib\windows_magic.h">
      <Filter>src\KinectProjector\libs\dlib</Filter>
    </ClInclude>
    <ClInclude Include="src\KinectProjector\TemporalFrameFilter.h">
      <Filter>src\KinectProjector</Filter>
    </ClInclude>
    <ClInclude Include="src\KinectProjector\Utils.h">
      <Filter>src\KinectProjector</Filter>
    </ClInclude>
    <ClInclude Include="src\ofApp.h">
      <Filter>src</Filter>
    </ClInclude>
    <ClInclude Include="src\SandSurfaceRenderer\ColorMap.h">
      <Filter>src\SandSurfaceRenderer</Filter>
    </ClInclude>
    <ClInclude Include="src\SandSurfaceRenderer\SandSurfaceRenderer.h">
      <Filter>src\SandSurfaceRenderer</Filter>
    </ClInclude>
    <ClInclude Include="..\..\..\addons\ofxKinect\src\extra\ofxKinectExtras.h">
      <Filter>addons\ofxKinect\src\extra</Filter>
    </ClInclude>
    <ClInclude Include="..\..\..\addons\ofxKinect\src\ofxBase3DVideo.h">
      <Filter>addons\ofxKinect\src</Filter>
    </ClInclude>
    <ClInclude Include="..\..\..\addons\ofxKinect\src\ofxKinect.h">
      <Filter>addons\ofxKinect\src</Filter>
    </ClInclude>
    <ClInclude Include="..\..\..\addons\ofxKinect\libs\libfreenect\include\libfreenect.h">
      <Filter>addons\ofxKinect\libs\libfreenect\include</Filter>
    </ClInclude>
    <ClInclude Include="..\..\..\addons\ofxKinect\libs\libfreenect\include\libfreenect_audio.h">
      <Filter>addons\ofxKinect\libs\libfreenect\include</Filter>
    </ClInclude>
    <ClInclude Include="..\..\..\addons\ofxKinect\libs\libfreenect\include\libfreenect_registration.h">
      <Filter>addons\ofxKinect\libs\libfreenect\include</Filter>
    </ClInclude>
    <ClInclude Include="..\..\..\addons\ofxKinect\libs\libfreenect\platform\windows\libusb10emu\libusb-1.0\failguard.h">
      <Filter>addons\ofxKinect\libs\libfreenect\platform\windows\libusb10emu\libusb-1.0</Filter>
    </ClInclude>
    <ClInclude Include="..\..\..\addons\ofxKinect\libs\libfreenect\platform\windows\libusb10emu\libusb-1.0\libusb.h">
      <Filter>addons\ofxKinect\libs\libfreenect\platform\windows\libusb10emu\libusb-1.0</Filter>
    </ClInclude>
    <ClInclude Include="..\..\..\addons\ofxKinect\libs\libfreenect\platform\windows\libusb10emu\libusb-1.0\libusbemu_internal.h">
      <Filter>addons\ofxKinect\libs\libfreenect\platform\windows\libusb10emu\libusb-1.0</Filter>
    </ClInclude>
    <ClInclude Include="..\..\..\addons\ofxKinect\libs\libfreenect\platform\windows\libusb10emu\libusb-1.0\libusbemu_threads.h">
      <Filter>addons\ofxKinect\libs\libfreenect\platform\windows\libusb10emu\libusb-1.0</Filter>
    </ClInclude>
    <ClInclude Include="..\..\..\addons\ofxKinect\libs\libfreenect\platform\windows\libusb10emu\libusb-1.0\libusbemu_threads_win32.h">
      <Filter>addons\ofxKinect\libs\libfreenect\platform\windows\libusb10emu\libusb-1.0</Filter>
    </ClInclude>
    <ClInclude Include="..\..\..\addons\ofxKinect\libs\libfreenect\platform\windows\stdbool.h">
      <Filter>addons\ofxKinect\libs\libfreenect\platform\windows</Filter>
    </ClInclude>
    <ClInclude Include="..\..\..\addons\ofxKinect\libs\libfreenect\platform\windows\unistd.h">
      <Filter>addons\ofxKinect\libs\libfreenect\platform\windows</Filter>
    </ClInclude>
    <ClInclude Include="..\..\..\addons\ofxKinect\libs\libfreenect\src\cameras.h">
      <Filter>addons\ofxKinect\libs\libfreenect\src</Filter>
    </ClInclude>
    <ClInclude Include="..\..\..\addons\ofxKinect\libs\libfreenect\src\flags.h">
      <Filter>addons\ofxKinect\libs\libfreenect\src</Filter>
    </ClInclude>
    <ClInclude Include="..\..\..\addons\ofxKinect\libs\libfreenect\src\freenect_internal.h">
      <Filter>addons\ofxKinect\libs\libfreenect\src</Filter>
    </ClInclude>
    <ClInclude Include="..\..\..\addons\ofxKinect\libs\libfreenect\src\keep_alive.h">
      <Filter>addons\ofxKinect\libs\libfreenect\src</Filter>
    </ClInclude>
    <ClInclude Include="..\..\..\addons\ofxKinect\libs\libfreenect\src\loader.h">
      <Filter>addons\ofxKinect\libs\libfreenect\src</Filter>
    </ClInclude>
    <ClInclude Include="..\..\..\addons\ofxKinect\libs\libfreenect\src\registration.h">
      <Filter>addons\ofxKinect\libs\libfreenect\src</Filter>
    </ClInclude>
    <ClInclude Include="..\..\..\addons\ofxKinect\libs\libfreenect\src\usb_libusb10.h">
      <Filter>addons\ofxKinect\libs\libfreenect\src</Filter>
    </ClInclude>
    <ClInclude Include="..\..\..\addons\ofxKinect\libs\libusb-1.0\include\libusb-1.0\libusb.h">
      <Filter>addons\ofxKinect\libs\libusb-1.0\include\libusb-1.0</Filter>
    </ClInclude>
    <ClInclude Include="..\..\..\addons\ofxKinect\libs\libusb-win32\include\lusb0_usb.h">
      <Filter>addons\ofxKinect\libs\libusb-win32\include</Filter>
    </ClInclude>
    <ClInclude Include="..\..\..\addons\ofxXmlSettings\src\ofxXmlSettings.h">
      <Filter>addons\ofxXmlSettings\src</Filter>
    </ClInclude>
    <ClInclude Include="..\..\..\addons\ofxXmlSettings\libs\tinyxml.h">
      <Filter>addons\ofxXmlSettings\libs</Filter>
    </ClInclude>
    <ClInclude Include="..\..\..\addons\ofxNetwork\src\ofxNetwork.h">
      <Filter>addons\ofxNetwork\src</Filter>
    </ClInclude>
    <ClInclude Include="..\..\..\addons\ofxNetwork\src\ofxNetworkUtils.h">
      <Filter>addons\ofxNetwork\src</Filter>
    </ClInclude>
    <ClInclude Include="..\..\..\addons\ofxNetwork\src\ofxTCPClient.h">
      <Filter>addons\ofxNetwork\src</Filter>
    </ClInclude>
    <ClInclude Include="..\..\..\addons\ofxNetwork\src\ofxTCPManager.h">
      <Filter>addons\ofxNetwork\src</Filter>
    </ClInclude>
    <ClInclude Include="..\..\..\addons\ofxNetwork\src\ofxTCPServer.h">
      <Filter>addons\ofxNetwork\src</Filter>
    </ClInclude>
    <ClInclude Include="..\..\..\addons\ofxNetwork\src\ofxUDPManager.h">
      <Filter>addons\ofxNetwork\src</Filter>
    </ClInclude>
    <ClInclude Include="..\..\..\addons\ofxOpenCv\src\ofxCvBlob.h">
      <Filter>addons\ofxOpenCv\src</Filter>
    </ClInclude>
    <ClInclude Include="..\..\..\addons\ofxOpenCv\src\ofxCvColorImage.h">
      <Filter>addons\ofxOpenCv\src</Filter>
    </ClInclude>
    <ClInclude Include="..\..\..\addons\ofxOpenCv\src\ofxCvConstants.h">
      <Filter>addons\ofxOpenCv\src</Filter>
    </ClInclude>
    <ClInclude Include="..\..\..\addons\ofxOpenCv\src\ofxCvContourFinder.h">
      <Filter>addons\ofxOpenCv\src</Filter>
    </ClInclude>
    <ClInclude Include="..\..\..\addons\ofxOpenCv\src\ofxCvFloatImage.h">
      <Filter>addons\ofxOpenCv\src</Filter>
    </ClInclude>
    <ClInclude Include="..\..\..\addons\ofxOpenCv\src\ofxCvGrayscaleImage.h">
      <Filter>addons\ofxOpenCv\src</Filter>
    </ClInclude>
    <ClInclude Include="..\..\..\addons\ofxOpenCv\src\ofxCvHaarFinder.h">
      <Filter>addons\ofxOpenCv\src</Filter>
    </ClInclude>
    <ClInclude Include="..\..\..\addons\ofxOpenCv\src\ofxCvImage.h">
      <Filter>addons\ofxOpenCv\src</Filter>
    </ClInclude>
    <ClInclude Include="..\..\..\addons\ofxOpenCv\src\ofxCvShortImage.h">
      <Filter>addons\ofxOpenCv\src</Filter>
    </ClInclude>
    <ClInclude Include="..\..\..\addons\ofxOpenCv\src\ofxOpenCv.h">
      <Filter>addons\ofxOpenCv\src</Filter>
    </ClInclude>
    <ClInclude Include="..\..\..\addons\ofxOpenCv\libs\opencv\include\opencv\cv.h">
      <Filter>addons\ofxOpenCv\libs\opencv\include\opencv</Filter>
    </ClInclude>
    <ClInclude Include="..\..\..\addons\ofxOpenCv\libs\opencv\include\opencv\cvaux.h">
      <Filter>addons\ofxOpenCv\libs\opencv\include\opencv</Filter>
    </ClInclude>
    <ClInclude Include="..\..\..\addons\ofxOpenCv\libs\opencv\include\opencv\cvwimage.h">
      <Filter>addons\ofxOpenCv\libs\opencv\include\opencv</Filter>
    </ClInclude>
    <ClInclude Include="..\..\..\addons\ofxOpenCv\libs\opencv\include\opencv\cxcore.h">
      <Filter>addons\ofxOpenCv\libs\opencv\include\opencv</Filter>
    </ClInclude>
    <ClInclude Include="..\..\..\addons\ofxOpenCv\libs\opencv\include\opencv\cxmisc.h">
      <Filter>addons\ofxOpenCv\libs\opencv\include\opencv</Filter>
    </ClInclude>
    <ClInclude Include="..\..\..\addons\ofxOpenCv\libs\opencv\include\opencv\highgui.h">
      <Filter>addons\ofxOpenCv\libs\opencv\include\opencv</Filter>
    </ClInclude>
    <ClInclude Include="..\..\..\addons\ofxOpenCv\libs\opencv\include\opencv\ml.h">
      <Filter>addons\ofxOpenCv\libs\opencv\include\opencv</Filter>
    </ClInclude>
    <ClInclude Include="..\..\..\addons\ofxOpenCv\libs\opencv\include\opencv\cv.hpp">
      <Filter>addons\ofxOpenCv\libs\opencv\include\opencv</Filter>
    </ClInclude>
    <ClInclude Include="..\..\..\addons\ofxOpenCv\libs\opencv\include\opencv\cvaux.hpp">
      <Filter>addons\ofxOpenCv\libs\opencv\include\opencv</Filter>
    </ClInclude>
    <ClInclude Include="..\..\..\addons\ofxOpenCv\libs\opencv\include\opencv\cxcore.hpp">
      <Filter>addons\ofxOpenCv\libs\opencv\include\opencv</Filter>
    </ClInclude>
    <ClInclude Include="..\..\..\addons\ofxOpenCv\libs\opencv\include\opencv\cxeigen.hpp">
      <Filter>addons\ofxOpenCv\libs\opencv\include\opencv</Filter>
    </ClInclude>
    <ClInclude Include="..\..\..\addons\ofxOpenCv\libs\opencv\include\opencv2\opencv.hpp">
      <Filter>addons\ofxOpenCv\libs\opencv\include\opencv2</Filter>
    </ClInclude>
    <ClInclude Include="..\..\..\addons\ofxOpenCv\libs\opencv\include\opencv2\opencv_modules.hpp">
      <Filter>addons\ofxOpenCv\libs\opencv\include\opencv2</Filter>
    </ClInclude>
    <ClInclude Include="..\..\..\addons\ofxOpenCv\libs\opencv\include\opencv2\calib3d\calib3d.hpp">
      <Filter>addons\ofxOpenCv\libs\opencv\include\opencv2\calib3d</Filter>
    </ClInclude>
    <ClInclude Include="..\..\..\addons\ofxOpenCv\libs\opencv\include\opencv2\contrib\contrib.hpp">
      <Filter>addons\ofxOpenCv\libs\opencv\include\opencv2\contrib</Filter>
    </ClInclude>
    <ClInclude Include="..\..\..\addons\ofxOpenCv\libs\opencv\include\opencv2\contrib\detection_based_tracker.hpp">
      <Filter>addons\ofxOpenCv\libs\opencv\include\opencv2\contrib</Filter>
    </ClInclude>
    <ClInclude Include="..\..\..\addons\ofxOpenCv\libs\opencv\include\opencv2\contrib\hybridtracker.hpp">
      <Filter>addons\ofxOpenCv\libs\opencv\include\opencv2\contrib</Filter>
    </ClInclude>
    <ClInclude Include="..\..\..\addons\ofxOpenCv\libs\opencv\include\opencv2\contrib\openfabmap.hpp">
      <Filter>addons\ofxOpenCv\libs\opencv\include\opencv2\contrib</Filter>
    </ClInclude>
    <ClInclude Include="..\..\..\addons\ofxOpenCv\libs\opencv\include\opencv2\contrib\retina.hpp">
      <Filter>addons\ofxOpenCv\libs\opencv\include\opencv2\contrib</Filter>
    </ClInclude>
    <ClInclude Include="..\..\..\addons\ofxOpenCv\libs\opencv\include\opencv2\core\core_c.h">
      <Filter>addons\ofxOpenCv\libs\opencv\include\opencv2\core</Filter>
    </ClInclude>
    <ClInclude Include="..\..\..\addons\ofxOpenCv\libs\opencv\include\opencv2\core\types_c.h">
      <Filter>addons\ofxOpenCv\libs\opencv\include\opencv2\core</Filter>
    </ClInclude>
    <ClInclude Include="..\..\..\addons\ofxOpenCv\libs\opencv\include\opencv2\core\affine.hpp">
      <Filter>addons\ofxOpenCv\libs\opencv\include\opencv2\core</Filter>
    </ClInclude>
    <ClInclude Include="..\..\..\addons\ofxOpenCv\libs\opencv\include\opencv2\core\core.hpp">
      <Filter>addons\ofxOpenCv\libs\opencv\include\opencv2\core</Filter>
    </ClInclude>
    <ClInclude Include="..\..\..\addons\ofxOpenCv\libs\opencv\include\opencv2\core\cuda_devptrs.hpp">
      <Filter>addons\ofxOpenCv\libs\opencv\include\opencv2\core</Filter>
    </ClInclude>
    <ClInclude Include="..\..\..\addons\ofxOpenCv\libs\opencv\include\opencv2\core\devmem2d.hpp">
      <Filter>addons\ofxOpenCv\libs\opencv\include\opencv2\core</Filter>
    </ClInclude>
    <ClInclude Include="..\..\..\addons\ofxOpenCv\libs\opencv\include\opencv2\core\eigen.hpp">
      <Filter>addons\ofxOpenCv\libs\opencv\include\opencv2\core</Filter>
    </ClInclude>
    <ClInclude Include="..\..\..\addons\ofxOpenCv\libs\opencv\include\opencv2\core\gpumat.hpp">
      <Filter>addons\ofxOpenCv\libs\opencv\include\opencv2\core</Filter>
    </ClInclude>
    <ClInclude Include="..\..\..\addons\ofxOpenCv\libs\opencv\include\opencv2\core\internal.hpp">
      <Filter>addons\ofxOpenCv\libs\opencv\include\opencv2\core</Filter>
    </ClInclude>
    <ClInclude Include="..\..\..\addons\ofxOpenCv\libs\opencv\include\opencv2\core\mat.hpp">
      <Filter>addons\ofxOpenCv\libs\opencv\include\opencv2\core</Filter>
    </ClInclude>
    <ClInclude Include="..\..\..\addons\ofxOpenCv\libs\opencv\include\opencv2\core\opengl_interop.hpp">
      <Filter>addons\ofxOpenCv\libs\opencv\include\opencv2\core</Filter>
    </ClInclude>
    <ClInclude Include="..\..\..\addons\ofxOpenCv\libs\opencv\include\opencv2\core\opengl_interop_deprecated.hpp">
      <Filter>addons\ofxOpenCv\libs\opencv\include\opencv2\core</Filter>
    </ClInclude>
    <ClInclude Include="..\..\..\addons\ofxOpenCv\libs\opencv\include\opencv2\core\operations.hpp">
      <Filter>addons\ofxOpenCv\libs\opencv\include\opencv2\core</Filter>
    </ClInclude>
    <ClInclude Include="..\..\..\addons\ofxOpenCv\libs\opencv\include\opencv2\core\version.hpp">
      <Filter>addons\ofxOpenCv\libs\opencv\include\opencv2\core</Filter>
    </ClInclude>
    <ClInclude Include="..\..\..\addons\ofxOpenCv\libs\opencv\include\opencv2\core\wimage.hpp">
      <Filter>addons\ofxOpenCv\libs\opencv\include\opencv2\core</Filter>
    </ClInclude>
    <ClInclude Include="..\..\..\addons\ofxOpenCv\libs\opencv\include\opencv2\features2d\features2d.hpp">
      <Filter>addons\ofxOpenCv\libs\opencv\include\opencv2\features2d</Filter>
    </ClInclude>
    <ClInclude Include="..\..\..\addons\ofxOpenCv\libs\opencv\include\opencv2\flann\allocator.h">
      <Filter>addons\ofxOpenCv\libs\opencv\include\opencv2\flann</Filter>
    </ClInclude>
    <ClInclude Include="..\..\..\addons\ofxOpenCv\libs\opencv\include\opencv2\flann\all_indices.h">
      <Filter>addons\ofxOpenCv\libs\opencv\include\opencv2\flann</Filter>
    </ClInclude>
    <ClInclude Include="..\..\..\addons\ofxOpenCv\libs\opencv\include\opencv2\flann\any.h">
      <Filter>addons\ofxOpenCv\libs\opencv\include\opencv2\flann</Filter>
    </ClInclude>
    <ClInclude Include="..\..\..\addons\ofxOpenCv\libs\opencv\include\opencv2\flann\autotuned_index.h">
      <Filter>addons\ofxOpenCv\libs\opencv\include\opencv2\flann</Filter>
    </ClInclude>
    <ClInclude Include="..\..\..\addons\ofxOpenCv\libs\opencv\include\opencv2\flann\composite_index.h">
      <Filter>addons\ofxOpenCv\libs\opencv\include\opencv2\flann</Filter>
    </ClInclude>
    <ClInclude Include="..\..\..\addons\ofxOpenCv\libs\opencv\include\opencv2\flann\config.h">
      <Filter>addons\ofxOpenCv\libs\opencv\include\opencv2\flann</Filter>
    </ClInclude>
    <ClInclude Include="..\..\..\addons\ofxOpenCv\libs\opencv\include\opencv2\flann\defines.h">
      <Filter>addons\ofxOpenCv\libs\opencv\include\opencv2\flann</Filter>
    </ClInclude>
    <ClInclude Include="..\..\..\addons\ofxOpenCv\libs\opencv\include\opencv2\flann\dist.h">
      <Filter>addons\ofxOpenCv\libs\opencv\include\opencv2\flann</Filter>
    </ClInclude>
    <ClInclude Include="..\..\..\addons\ofxOpenCv\libs\opencv\include\opencv2\flann\dummy.h">
      <Filter>addons\ofxOpenCv\libs\opencv\include\opencv2\flann</Filter>
    </ClInclude>
    <ClInclude Include="..\..\..\addons\ofxOpenCv\libs\opencv\include\opencv2\flann\dynamic_bitset.h">
      <Filter>addons\ofxOpenCv\libs\opencv\include\opencv2\flann</Filter>
    </ClInclude>
    <ClInclude Include="..\..\..\addons\ofxOpenCv\libs\opencv\include\opencv2\flann\general.h">
      <Filter>addons\ofxOpenCv\libs\opencv\include\opencv2\flann</Filter>
    </ClInclude>
    <ClInclude Include="..\..\..\addons\ofxOpenCv\libs\opencv\include\opencv2\flann\ground_truth.h">
      <Filter>addons\ofxOpenCv\libs\opencv\include\opencv2\flann</Filter>
    </ClInclude>
    <ClInclude Include="..\..\..\addons\ofxOpenCv\libs\opencv\include\opencv2\flann\hdf5.h">
      <Filter>addons\ofxOpenCv\libs\opencv\include\opencv2\flann</Filter>
    </ClInclude>
    <ClInclude Include="..\..\..\addons\ofxOpenCv\libs\opencv\include\opencv2\flann\heap.h">
      <Filter>addons\ofxOpenCv\libs\opencv\include\opencv2\flann</Filter>
    </ClInclude>
    <ClInclude Include="..\..\..\addons\ofxOpenCv\libs\opencv\include\opencv2\flann\hierarchical_clustering_index.h">
      <Filter>addons\ofxOpenCv\libs\opencv\include\opencv2\flann</Filter>
    </ClInclude>
    <ClInclude Include="..\..\..\addons\ofxOpenCv\libs\opencv\include\opencv2\flann\index_testing.h">
      <Filter>addons\ofxOpenCv\libs\opencv\include\opencv2\flann</Filter>
    </ClInclude>
    <ClInclude Include="..\..\..\addons\ofxOpenCv\libs\opencv\include\opencv2\flann\kdtree_index.h">
      <Filter>addons\ofxOpenCv\libs\opencv\include\opencv2\flann</Filter>
    </ClInclude>
    <ClInclude Include="..\..\..\addons\ofxOpenCv\libs\opencv\include\opencv2\flann\kdtree_single_index.h">
      <Filter>addons\ofxOpenCv\libs\opencv\include\opencv2\flann</Filter>
    </ClInclude>
    <ClInclude Include="..\..\..\addons\ofxOpenCv\libs\opencv\include\opencv2\flann\kmeans_index.h">
      <Filter>addons\ofxOpenCv\libs\opencv\include\opencv2\flann</Filter>
    </ClInclude>
    <ClInclude Include="..\..\..\addons\ofxOpenCv\libs\opencv\include\opencv2\flann\linear_index.h">
      <Filter>addons\ofxOpenCv\libs\opencv\include\opencv2\flann</Filter>
    </ClInclude>
    <ClInclude Include="..\..\..\addons\ofxOpenCv\libs\opencv\include\opencv2\flann\logger.h">
      <Filter>addons\ofxOpenCv\libs\opencv\include\opencv2\flann</Filter>
    </ClInclude>
    <ClInclude Include="..\..\..\addons\ofxOpenCv\libs\opencv\include\opencv2\flann\lsh_index.h">
      <Filter>addons\ofxOpenCv\libs\opencv\include\opencv2\flann</Filter>
    </ClInclude>
    <ClInclude Include="..\..\..\addons\ofxOpenCv\libs\opencv\include\opencv2\flann\lsh_table.h">
      <Filter>addons\ofxOpenCv\libs\opencv\include\opencv2\flann</Filter>
    </ClInclude>
    <ClInclude Include="..\..\..\addons\ofxOpenCv\libs\opencv\include\opencv2\flann\matrix.h">
      <Filter>addons\ofxOpenCv\libs\opencv\include\opencv2\flann</Filter>
    </ClInclude>
    <ClInclude Include="..\..\..\addons\ofxOpenCv\libs\opencv\include\opencv2\flann\nn_index.h">
      <Filter>addons\ofxOpenCv\libs\opencv\include\opencv2\flann</Filter>
    </ClInclude>
    <ClInclude Include="..\..\..\addons\ofxOpenCv\libs\opencv\include\opencv2\flann\object_factory.h">
      <Filter>addons\ofxOpenCv\libs\opencv\include\opencv2\flann</Filter>
    </ClInclude>
    <ClInclude Include="..\..\..\addons\ofxOpenCv\libs\opencv\include\opencv2\flann\params.h">
      <Filter>addons\ofxOpenCv\libs\opencv\include\opencv2\flann</Filter>
    </ClInclude>
    <ClInclude Include="..\..\..\addons\ofxOpenCv\libs\opencv\include\opencv2\flann\random.h">
      <Filter>addons\ofxOpenCv\libs\opencv\include\opencv2\flann</Filter>
    </ClInclude>
    <ClInclude Include="..\..\..\addons\ofxOpenCv\libs\opencv\include\opencv2\flann\result_set.h">
      <Filter>addons\ofxOpenCv\libs\opencv\include\opencv2\flann</Filter>
    </ClInclude>
    <ClInclude Include="..\..\..\addons\ofxOpenCv\libs\opencv\include\opencv2\flann\sampling.h">
      <Filter>addons\ofxOpenCv\libs\opencv\include\opencv2\flann</Filter>
    </ClInclude>
    <ClInclude Include="..\..\..\addons\ofxOpenCv\libs\opencv\include\opencv2\flann\saving.h">
      <Filter>addons\ofxOpenCv\libs\opencv\include\opencv2\flann</Filter>
    </ClInclude>
    <ClInclude Include="..\..\..\addons\ofxOpenCv\libs\opencv\include\opencv2\flann\simplex_downhill.h">
      <Filter>addons\ofxOpenCv\libs\opencv\include\opencv2\flann</Filter>
    </ClInclude>
    <ClInclude Include="..\..\..\addons\ofxOpenCv\libs\opencv\include\opencv2\flann\timer.h">
      <Filter>addons\ofxOpenCv\libs\opencv\include\opencv2\flann</Filter>
    </ClInclude>
    <ClInclude Include="..\..\..\addons\ofxOpenCv\libs\opencv\include\opencv2\flann\flann.hpp">
      <Filter>addons\ofxOpenCv\libs\opencv\include\opencv2\flann</Filter>
    </ClInclude>
    <ClInclude Include="..\..\..\addons\ofxOpenCv\libs\opencv\include\opencv2\flann\flann_base.hpp">
      <Filter>addons\ofxOpenCv\libs\opencv\include\opencv2\flann</Filter>
    </ClInclude>
    <ClInclude Include="..\..\..\addons\ofxOpenCv\libs\opencv\include\opencv2\flann\miniflann.hpp">
      <Filter>addons\ofxOpenCv\libs\opencv\include\opencv2\flann</Filter>
    </ClInclude>
    <ClInclude Include="..\..\..\addons\ofxOpenCv\libs\opencv\include\opencv2\gpu\devmem2d.hpp">
      <Filter>addons\ofxOpenCv\libs\opencv\include\opencv2\gpu</Filter>
    </ClInclude>
    <ClInclude Include="..\..\..\addons\ofxOpenCv\libs\opencv\include\opencv2\gpu\gpu.hpp">
      <Filter>addons\ofxOpenCv\libs\opencv\include\opencv2\gpu</Filter>
    </ClInclude>
    <ClInclude Include="..\..\..\addons\ofxOpenCv\libs\opencv\include\opencv2\gpu\gpumat.hpp">
      <Filter>addons\ofxOpenCv\libs\opencv\include\opencv2\gpu</Filter>
    </ClInclude>
    <ClInclude Include="..\..\..\addons\ofxOpenCv\libs\opencv\include\opencv2\gpu\stream_accessor.hpp">
      <Filter>addons\ofxOpenCv\libs\opencv\include\opencv2\gpu</Filter>
    </ClInclude>
    <ClInclude Include="..\..\..\addons\ofxOpenCv\libs\opencv\include\opencv2\gpu\device\block.hpp">
      <Filter>addons\ofxOpenCv\libs\opencv\include\opencv2\gpu\device</Filter>
    </ClInclude>
    <ClInclude Include="..\..\..\addons\ofxOpenCv\libs\opencv\include\opencv2\gpu\device\border_interpolate.hpp">
      <Filter>addons\ofxOpenCv\libs\opencv\include\opencv2\gpu\device</Filter>
    </ClInclude>
    <ClInclude Include="..\..\..\addons\ofxOpenCv\libs\opencv\include\opencv2\gpu\device\color.hpp">
      <Filter>addons\ofxOpenCv\libs\opencv\include\opencv2\gpu\device</Filter>
    </ClInclude>
    <ClInclude Include="..\..\..\addons\ofxOpenCv\libs\opencv\include\opencv2\gpu\device\common.hpp">
      <Filter>addons\ofxOpenCv\libs\opencv\include\opencv2\gpu\device</Filter>
    </ClInclude>
    <ClInclude Include="..\..\..\addons\ofxOpenCv\libs\opencv\include\opencv2\gpu\device\datamov_utils.hpp">
      <Filter>addons\ofxOpenCv\libs\opencv\include\opencv2\gpu\device</Filter>
    </ClInclude>
    <ClInclude Include="..\..\..\addons\ofxOpenCv\libs\opencv\include\opencv2\gpu\device\dynamic_smem.hpp">
      <Filter>addons\ofxOpenCv\libs\opencv\include\opencv2\gpu\device</Filter>
    </ClInclude>
    <ClInclude Include="..\..\..\addons\ofxOpenCv\libs\opencv\include\opencv2\gpu\device\emulation.hpp">
      <Filter>addons\ofxOpenCv\libs\opencv\include\opencv2\gpu\device</Filter>
    </ClInclude>
    <ClInclude Include="..\..\..\addons\ofxOpenCv\libs\opencv\include\opencv2\gpu\device\filters.hpp">
      <Filter>addons\ofxOpenCv\libs\opencv\include\opencv2\gpu\device</Filter>
    </ClInclude>
    <ClInclude Include="..\..\..\addons\ofxOpenCv\libs\opencv\include\opencv2\gpu\device\funcattrib.hpp">
      <Filter>addons\ofxOpenCv\libs\opencv\include\opencv2\gpu\device</Filter>
    </ClInclude>
    <ClInclude Include="..\..\..\addons\ofxOpenCv\libs\opencv\include\opencv2\gpu\device\functional.hpp">
      <Filter>addons\ofxOpenCv\libs\opencv\include\opencv2\gpu\device</Filter>
    </ClInclude>
    <ClInclude Include="..\..\..\addons\ofxOpenCv\libs\opencv\include\opencv2\gpu\device\limits.hpp">
      <Filter>addons\ofxOpenCv\libs\opencv\include\opencv2\gpu\device</Filter>
    </ClInclude>
    <ClInclude Include="..\..\..\addons\ofxOpenCv\libs\opencv\include\opencv2\gpu\device\reduce.hpp">
      <Filter>addons\ofxOpenCv\libs\opencv\include\opencv2\gpu\device</Filter>
    </ClInclude>
    <ClInclude Include="..\..\..\addons\ofxOpenCv\libs\opencv\include\opencv2\gpu\device\saturate_cast.hpp">
      <Filter>addons\ofxOpenCv\libs\opencv\include\opencv2\gpu\device</Filter>
    </ClInclude>
    <ClInclude Include="..\..\..\addons\ofxOpenCv\libs\opencv\include\opencv2\gpu\device\scan.hpp">
      <Filter>addons\ofxOpenCv\libs\opencv\include\opencv2\gpu\device</Filter>
    </ClInclude>
    <ClInclude Include="..\..\..\addons\ofxOpenCv\libs\opencv\include\opencv2\gpu\device\simd_functions.hpp">
      <Filter>addons\ofxOpenCv\libs\opencv\include\opencv2\gpu\device</Filter>
    </ClInclude>
    <ClInclude Include="..\..\..\addons\ofxOpenCv\libs\opencv\include\opencv2\gpu\device\static_check.hpp">
      <Filter>addons\ofxOpenCv\libs\opencv\include\opencv2\gpu\device</Filter>
    </ClInclude>
    <ClInclude Include="..\..\..\addons\ofxOpenCv\libs\opencv\include\opencv2\gpu\device\transform.hpp">
      <Filter>addons\ofxOpenCv\libs\opencv\include\opencv2\gpu\device</Filter>
    </ClInclude>
    <ClInclude Include="..\..\..\addons\ofxOpenCv\libs\opencv\include\opencv2\gpu\device\type_traits.hpp">
      <Filter>addons\ofxOpenCv\libs\opencv\include\opencv2\gpu\device</Filter>
    </ClInclude>
    <ClInclude Include="..\..\..\addons\ofxOpenCv\libs\opencv\include\opencv2\gpu\device\utility.hpp">
      <Filter>addons\ofxOpenCv\libs\opencv\include\opencv2\gpu\device</Filter>
    </ClInclude>
    <ClInclude Include="..\..\..\addons\ofxOpenCv\libs\opencv\include\opencv2\gpu\device\vec_distance.hpp">
      <Filter>addons\ofxOpenCv\libs\opencv\include\opencv2\gpu\device</Filter>
    </ClInclude>
    <ClInclude Include="..\..\..\addons\ofxOpenCv\libs\opencv\include\opencv2\gpu\device\vec_math.hpp">
      <Filter>addons\ofxOpenCv\libs\opencv\include\opencv2\gpu\device</Filter>
    </ClInclude>
    <ClInclude Include="..\..\..\addons\ofxOpenCv\libs\opencv\include\opencv2\gpu\device\vec_traits.hpp">
      <Filter>addons\ofxOpenCv\libs\opencv\include\opencv2\gpu\device</Filter>
    </ClInclude>
    <ClInclude Include="..\..\..\addons\ofxOpenCv\libs\opencv\include\opencv2\gpu\device\warp.hpp">
      <Filter>addons\ofxOpenCv\libs\opencv\include\opencv2\gpu\device</Filter>
    </ClInclude>
    <ClInclude Include="..\..\..\addons\ofxOpenCv\libs\opencv\include\opencv2\gpu\device\warp_reduce.hpp">
      <Filter>addons\ofxOpenCv\libs\opencv\include\opencv2\gpu\device</Filter>
    </ClInclude>
    <ClInclude Include="..\..\..\addons\ofxOpenCv\libs\opencv\include\opencv2\gpu\device\warp_shuffle.hpp">
      <Filter>addons\ofxOpenCv\libs\opencv\include\opencv2\gpu\device</Filter>
    </ClInclude>
    <ClInclude Include="..\..\..\addons\ofxOpenCv\libs\opencv\include\opencv2\gpu\device\detail\color_detail.hpp">
      <Filter>addons\ofxOpenCv\libs\opencv\include\opencv2\gpu\device\detail</Filter>
    </ClInclude>
    <ClInclude Include="..\..\..\addons\ofxOpenCv\libs\opencv\include\opencv2\gpu\device\detail\reduce.hpp">
      <Filter>addons\ofxOpenCv\libs\opencv\include\opencv2\gpu\device\detail</Filter>
    </ClInclude>
    <ClInclude Include="..\..\..\addons\ofxOpenCv\libs\opencv\include\opencv2\gpu\device\detail\reduce_key_val.hpp">
      <Filter>addons\ofxOpenCv\libs\opencv\include\opencv2\gpu\device\detail</Filter>
    </ClInclude>
    <ClInclude Include="..\..\..\addons\ofxOpenCv\libs\opencv\include\opencv2\gpu\device\detail\transform_detail.hpp">
      <Filter>addons\ofxOpenCv\libs\opencv\include\opencv2\gpu\device\detail</Filter>
    </ClInclude>
    <ClInclude Include="..\..\..\addons\ofxOpenCv\libs\opencv\include\opencv2\gpu\device\detail\type_traits_detail.hpp">
      <Filter>addons\ofxOpenCv\libs\opencv\include\opencv2\gpu\device\detail</Filter>
    </ClInclude>
    <ClInclude Include="..\..\..\addons\ofxOpenCv\libs\opencv\include\opencv2\gpu\device\detail\vec_distance_detail.hpp">
      <Filter>addons\ofxOpenCv\libs\opencv\include\opencv2\gpu\device\detail</Filter>
    </ClInclude>
    <ClInclude Include="..\..\..\addons\ofxOpenCv\libs\opencv\include\opencv2\highgui\cap_ios.h">
      <Filter>addons\ofxOpenCv\libs\opencv\include\opencv2\highgui</Filter>
    </ClInclude>
    <ClInclude Include="..\..\..\addons\ofxOpenCv\libs\opencv\include\opencv2\highgui\highgui_c.h">
      <Filter>addons\ofxOpenCv\libs\opencv\include\opencv2\highgui</Filter>
    </ClInclude>
    <ClInclude Include="..\..\..\addons\ofxOpenCv\libs\opencv\include\opencv2\highgui\ios.h">
      <Filter>addons\ofxOpenCv\libs\opencv\include\opencv2\highgui</Filter>
    </ClInclude>
    <ClInclude Include="..\..\..\addons\ofxOpenCv\libs\opencv\include\opencv2\highgui\highgui.hpp">
      <Filter>addons\ofxOpenCv\libs\opencv\include\opencv2\highgui</Filter>
    </ClInclude>
    <ClInclude Include="..\..\..\addons\ofxOpenCv\libs\opencv\include\opencv2\imgproc\imgproc_c.h">
      <Filter>addons\ofxOpenCv\libs\opencv\include\opencv2\imgproc</Filter>
    </ClInclude>
    <ClInclude Include="..\..\..\addons\ofxOpenCv\libs\opencv\include\opencv2\imgproc\types_c.h">
      <Filter>addons\ofxOpenCv\libs\opencv\include\opencv2\imgproc</Filter>
    </ClInclude>
    <ClInclude Include="..\..\..\addons\ofxOpenCv\libs\opencv\include\opencv2\imgproc\imgproc.hpp">
      <Filter>addons\ofxOpenCv\libs\opencv\include\opencv2\imgproc</Filter>
    </ClInclude>
    <ClInclude Include="..\..\..\addons\ofxOpenCv\libs\opencv\include\opencv2\legacy\blobtrack.hpp">
      <Filter>addons\ofxOpenCv\libs\opencv\include\opencv2\legacy</Filter>
    </ClInclude>
    <ClInclude Include="..\..\..\addons\ofxOpenCv\libs\opencv\include\opencv2\legacy\compat.hpp">
      <Filter>addons\ofxOpenCv\libs\opencv\include\opencv2\legacy</Filter>
    </ClInclude>
    <ClInclude Include="..\..\..\addons\ofxOpenCv\libs\opencv\include\opencv2\legacy\legacy.hpp">
      <Filter>addons\ofxOpenCv\libs\opencv\include\opencv2\legacy</Filter>
    </ClInclude>
    <ClInclude Include="..\..\..\addons\ofxOpenCv\libs\opencv\include\opencv2\legacy\streams.hpp">
      <Filter>addons\ofxOpenCv\libs\opencv\include\opencv2\legacy</Filter>
    </ClInclude>
    <ClInclude Include="..\..\..\addons\ofxOpenCv\libs\opencv\include\opencv2\ml\ml.hpp">
      <Filter>addons\ofxOpenCv\libs\opencv\include\opencv2\ml</Filter>
    </ClInclude>
    <ClInclude Include="..\..\..\addons\ofxOpenCv\libs\opencv\include\opencv2\nonfree\features2d.hpp">
      <Filter>addons\ofxOpenCv\libs\opencv\include\opencv2\nonfree</Filter>
    </ClInclude>
    <ClInclude Include="..\..\..\addons\ofxOpenCv\libs\opencv\include\opencv2\nonfree\gpu.hpp">
      <Filter>addons\ofxOpenCv\libs\opencv\include\opencv2\nonfree</Filter>
    </ClInclude>
    <ClInclude Include="..\..\..\addons\ofxOpenCv\libs\opencv\include\opencv2\nonfree\nonfree.hpp">
      <Filter>addons\ofxOpenCv\libs\opencv\include\opencv2\nonfree</Filter>
    </ClInclude>
    <ClInclude Include="..\..\..\addons\ofxOpenCv\libs\opencv\include\opencv2\nonfree\ocl.hpp">
      <Filter>addons\ofxOpenCv\libs\opencv\include\opencv2\nonfree</Filter>
    </ClInclude>
    <ClInclude Include="..\..\..\addons\ofxOpenCv\libs\opencv\include\opencv2\objdetect\objdetect.hpp">
      <Filter>addons\ofxOpenCv\libs\opencv\include\opencv2\objdetect</Filter>
    </ClInclude>
    <ClInclude Include="..\..\..\addons\ofxOpenCv\libs\opencv\include\opencv2\photo\photo_c.h">
      <Filter>addons\ofxOpenCv\libs\opencv\include\opencv2\photo</Filter>
    </ClInclude>
    <ClInclude Include="..\..\..\addons\ofxOpenCv\libs\opencv\include\opencv2\photo\photo.hpp">
      <Filter>addons\ofxOpenCv\libs\opencv\include\opencv2\photo</Filter>
    </ClInclude>
    <ClInclude Include="..\..\..\addons\ofxOpenCv\libs\opencv\include\opencv2\stitching\stitcher.hpp">
      <Filter>addons\ofxOpenCv\libs\opencv\include\opencv2\stitching</Filter>
    </ClInclude>
    <ClInclude Include="..\..\..\addons\ofxOpenCv\libs\opencv\include\opencv2\stitching\warpers.hpp">
      <Filter>addons\ofxOpenCv\libs\opencv\include\opencv2\stitching</Filter>
    </ClInclude>
    <ClInclude Include="..\..\..\addons\ofxOpenCv\libs\opencv\include\opencv2\stitching\detail\autocalib.hpp">
      <Filter>addons\ofxOpenCv\libs\opencv\include\opencv2\stitching\detail</Filter>
    </ClInclude>
    <ClInclude Include="..\..\..\addons\ofxOpenCv\libs\opencv\include\opencv2\stitching\detail\blenders.hpp">
      <Filter>addons\ofxOpenCv\libs\opencv\include\opencv2\stitching\detail</Filter>
    </ClInclude>
    <ClInclude Include="..\..\..\addons\ofxOpenCv\libs\opencv\include\opencv2\stitching\detail\camera.hpp">
      <Filter>addons\ofxOpenCv\libs\opencv\include\opencv2\stitching\detail</Filter>
    </ClInclude>
    <ClInclude Include="..\..\..\addons\ofxOpenCv\libs\opencv\include\opencv2\stitching\detail\exposure_compensate.hpp">
      <Filter>addons\ofxOpenCv\libs\opencv\include\opencv2\stitching\detail</Filter>
    </ClInclude>
    <ClInclude Include="..\..\..\addons\ofxOpenCv\libs\opencv\include\opencv2\stitching\detail\matchers.hpp">
      <Filter>addons\ofxOpenCv\libs\opencv\include\opencv2\stitching\detail</Filter>
    </ClInclude>
    <ClInclude Include="..\..\..\addons\ofxOpenCv\libs\opencv\include\opencv2\stitching\detail\motion_estimators.hpp">
      <Filter>addons\ofxOpenCv\libs\opencv\include\opencv2\stitching\detail</Filter>
    </ClInclude>
    <ClInclude Include="..\..\..\addons\ofxOpenCv\libs\opencv\include\opencv2\stitching\detail\seam_finders.hpp">
      <Filter>addons\ofxOpenCv\libs\opencv\include\opencv2\stitching\detail</Filter>
    </ClInclude>
    <ClInclude Include="..\..\..\addons\ofxOpenCv\libs\opencv\include\opencv2\stitching\detail\util.hpp">
      <Filter>addons\ofxOpenCv\libs\opencv\include\opencv2\stitching\detail</Filter>
    </ClInclude>
    <ClInclude Include="..\..\..\addons\ofxOpenCv\libs\opencv\include\opencv2\stitching\detail\util_inl.hpp">
      <Filter>addons\ofxOpenCv\libs\opencv\include\opencv2\stitching\detail</Filter>
    </ClInclude>
    <ClInclude Include="..\..\..\addons\ofxOpenCv\libs\opencv\include\opencv2\stitching\detail\warpers.hpp">
      <Filter>addons\ofxOpenCv\libs\opencv\include\opencv2\stitching\detail</Filter>
    </ClInclude>
    <ClInclude Include="..\..\..\addons\ofxOpenCv\libs\opencv\include\opencv2\stitching\detail\warpers_inl.hpp">
      <Filter>addons\ofxOpenCv\libs\opencv\include\opencv2\stitching\detail</Filter>
    </ClInclude>
    <ClInclude Include="..\..\..\addons\ofxOpenCv\libs\opencv\include\opencv2\superres\optical_flow.hpp">
      <Filter>addons\ofxOpenCv\libs\opencv\include\opencv2\superres</Filter>
    </ClInclude>
    <ClInclude Include="..\..\..\addons\ofxOpenCv\libs\opencv\include\opencv2\superres\superres.hpp">
      <Filter>addons\ofxOpenCv\libs\opencv\include\opencv2\superres</Filter>
    </ClInclude>
    <ClInclude Include="..\..\..\addons\ofxOpenCv\libs\opencv\include\opencv2\ts\ts_gtest.h">
      <Filter>addons\ofxOpenCv\libs\opencv\include\opencv2\ts</Filter>
    </ClInclude>
    <ClInclude Include="..\..\..\addons\ofxOpenCv\libs\opencv\include\opencv2\ts\gpu_perf.hpp">
      <Filter>addons\ofxOpenCv\libs\opencv\include\opencv2\ts</Filter>
    </ClInclude>
    <ClInclude Include="..\..\..\addons\ofxOpenCv\libs\opencv\include\opencv2\ts\gpu_test.hpp">
      <Filter>addons\ofxOpenCv\libs\opencv\include\opencv2\ts</Filter>
    </ClInclude>
    <ClInclude Include="..\..\..\addons\ofxOpenCv\libs\opencv\include\opencv2\ts\ts.hpp">
      <Filter>addons\ofxOpenCv\libs\opencv\include\opencv2\ts</Filter>
    </ClInclude>
    <ClInclude Include="..\..\..\addons\ofxOpenCv\libs\opencv\include\opencv2\ts\ts_perf.hpp">
      <Filter>addons\ofxOpenCv\libs\opencv\include\opencv2\ts</Filter>
    </ClInclude>
    <ClInclude Include="..\..\..\addons\ofxOpenCv\libs\opencv\include\opencv2\video\background_segm.hpp">
      <Filter>addons\ofxOpenCv\libs\opencv\include\opencv2\video</Filter>
    </ClInclude>
    <ClInclude Include="..\..\..\addons\ofxOpenCv\libs\opencv\include\opencv2\video\tracking.hpp">
      <Filter>addons\ofxOpenCv\libs\opencv\include\opencv2\video</Filter>
    </ClInclude>
    <ClInclude Include="..\..\..\addons\ofxOpenCv\libs\opencv\include\opencv2\video\video.hpp">
      <Filter>addons\ofxOpenCv\libs\opencv\include\opencv2\video</Filter>
    </ClInclude>
    <ClInclude Include="..\..\..\addons\ofxOpenCv\libs\opencv\include\opencv2\videostab\deblurring.hpp">
      <Filter>addons\ofxOpenCv\libs\opencv\include\opencv2\videostab</Filter>
    </ClInclude>
    <ClInclude Include="..\..\..\addons\ofxOpenCv\libs\opencv\include\opencv2\videostab\fast_marching.hpp">
      <Filter>addons\ofxOpenCv\libs\opencv\include\opencv2\videostab</Filter>
    </ClInclude>
    <ClInclude Include="..\..\..\addons\ofxOpenCv\libs\opencv\include\opencv2\videostab\fast_marching_inl.hpp">
      <Filter>addons\ofxOpenCv\libs\opencv\include\opencv2\videostab</Filter>
    </ClInclude>
    <ClInclude Include="..\..\..\addons\ofxOpenCv\libs\opencv\include\opencv2\videostab\frame_source.hpp">
      <Filter>addons\ofxOpenCv\libs\opencv\include\opencv2\videostab</Filter>
    </ClInclude>
    <ClInclude Include="..\..\..\addons\ofxOpenCv\libs\opencv\include\opencv2\videostab\global_motion.hpp">
      <Filter>addons\ofxOpenCv\libs\opencv\include\opencv2\videostab</Filter>
    </ClInclude>
    <ClInclude Include="..\..\..\addons\ofxOpenCv\libs\opencv\include\opencv2\videostab\inpainting.hpp">
      <Filter>addons\ofxOpenCv\libs\opencv\include\opencv2\videostab</Filter>
    </ClInclude>
    <ClInclude Include="..\..\..\addons\ofxOpenCv\libs\opencv\include\opencv2\videostab\log.hpp">
      <Filter>addons\ofxOpenCv\libs\opencv\include\opencv2\videostab</Filter>
    </ClInclude>
    <ClInclude Include="..\..\..\addons\ofxOpenCv\libs\opencv\include\opencv2\videostab\motion_stabilizing.hpp">
      <Filter>addons\ofxOpenCv\libs\opencv\include\opencv2\videostab</Filter>
    </ClInclude>
    <ClInclude Include="..\..\..\addons\ofxOpenCv\libs\opencv\include\opencv2\videostab\optical_flow.hpp">
      <Filter>addons\ofxOpenCv\libs\opencv\include\opencv2\videostab</Filter>
    </ClInclude>
    <ClInclude Include="..\..\..\addons\ofxOpenCv\libs\opencv\include\opencv2\videostab\stabilizer.hpp">
      <Filter>addons\ofxOpenCv\libs\opencv\include\opencv2\videostab</Filter>
    </ClInclude>
    <ClInclude Include="..\..\..\addons\ofxOpenCv\libs\opencv\include\opencv2\videostab\videostab.hpp">
      <Filter>addons\ofxOpenCv\libs\opencv\include\opencv2\videostab</Filter>
    </ClInclude>
    <ClInclude Include="..\..\..\addons\ofxCv\src\ofxCv.h">
      <Filter>addons\ofxCv\src</Filter>
    </ClInclude>
    <ClInclude Include="..\..\..\addons\ofxCv\libs\CLD\include\CLD\ETF.h">
      <Filter>addons\ofxCv\libs\CLD\include\CLD</Filter>
    </ClInclude>
    <ClInclude Include="..\..\..\addons\ofxCv\libs\CLD\include\CLD\fdog.h">
      <Filter>addons\ofxCv\libs\CLD\include\CLD</Filter>
    </ClInclude>
    <ClInclude Include="..\..\..\addons\ofxCv\libs\CLD\include\CLD\imatrix.h">
      <Filter>addons\ofxCv\libs\CLD\include\CLD</Filter>
    </ClInclude>
    <ClInclude Include="..\..\..\addons\ofxCv\libs\CLD\include\CLD\myvec.h">
      <Filter>addons\ofxCv\libs\CLD\include\CLD</Filter>
    </ClInclude>
    <ClInclude Include="..\..\..\addons\ofxCv\libs\ofxCv\include\ofxCv\Calibration.h">
      <Filter>addons\ofxCv\libs\ofxCv\include\ofxCv</Filter>
    </ClInclude>
    <ClInclude Include="..\..\..\addons\ofxCv\libs\ofxCv\include\ofxCv\ContourFinder.h">
      <Filter>addons\ofxCv\libs\ofxCv\include\ofxCv</Filter>
    </ClInclude>
    <ClInclude Include="..\..\..\addons\ofxCv\libs\ofxCv\include\ofxCv\Distance.h">
      <Filter>addons\ofxCv\libs\ofxCv\include\ofxCv</Filter>
    </ClInclude>
    <ClInclude Include="..\..\..\addons\ofxCv\libs\ofxCv\include\ofxCv\Flow.h">
      <Filter>addons\ofxCv\libs\ofxCv\include\ofxCv</Filter>
    </ClInclude>
    <ClInclude Include="..\..\..\addons\ofxCv\libs\ofxCv\include\ofxCv\Helpers.h">
      <Filter>addons\ofxCv\libs\ofxCv\include\ofxCv</Filter>
    </ClInclude>
    <ClInclude Include="..\..\..\addons\ofxCv\libs\ofxCv\include\ofxCv\Kalman.h">
      <Filter>addons\ofxCv\libs\ofxCv\include\ofxCv</Filter>
    </ClInclude>
    <ClInclude Include="..\..\..\addons\ofxCv\libs\ofxCv\include\ofxCv\ObjectFinder.h">
      <Filter>addons\ofxCv\libs\ofxCv\include\ofxCv</Filter>
    </ClInclude>
    <ClInclude Include="..\..\..\addons\ofxCv\libs\ofxCv\include\ofxCv\RunningBackground.h">
      <Filter>addons\ofxCv\libs\ofxCv\include\ofxCv</Filter>
    </ClInclude>
    <ClInclude Include="..\..\..\addons\ofxCv\libs\ofxCv\include\ofxCv\Tracker.h">
      <Filter>addons\ofxCv\libs\ofxCv\include\ofxCv</Filter>
    </ClInclude>
    <ClInclude Include="..\..\..\addons\ofxCv\libs\ofxCv\include\ofxCv\Utilities.h">
      <Filter>addons\ofxCv\libs\ofxCv\include\ofxCv</Filter>
    </ClInclude>
    <ClInclude Include="..\..\..\addons\ofxCv\libs\ofxCv\include\ofxCv\Wrappers.h">
      <Filter>addons\ofxCv\libs\ofxCv\include\ofxCv</Filter>
    </ClInclude>
    <ClInclude Include="..\..\..\addons\ofxDatGui\src\ofxDatGui.h">
      <Filter>addons\ofxDatGui\src</Filter>
    </ClInclude>
    <ClInclude Include="..\..\..\addons\ofxDatGui\src\components\ofxDatGui2dPad.h">
      <Filter>addons\ofxDatGui\src\components</Filter>
    </ClInclude>
    <ClInclude Include="..\..\..\addons\ofxDatGui\src\components\ofxDatGuiButton.h">
      <Filter>addons\ofxDatGui\src\components</Filter>
    </ClInclude>
    <ClInclude Include="..\..\..\addons\ofxDatGui\src\components\ofxDatGuiColorPicker.h">
      <Filter>addons\ofxDatGui\src\components</Filter>
    </ClInclude>
    <ClInclude Include="..\..\..\addons\ofxDatGui\src\components\ofxDatGuiControls.h">
      <Filter>addons\ofxDatGui\src\components</Filter>
    </ClInclude>
    <ClInclude Include="..\..\..\addons\ofxDatGui\src\components\ofxDatGuiFRM.h">
      <Filter>addons\ofxDatGui\src\components</Filter>
    </ClInclude>
    <ClInclude Include="..\..\..\addons\ofxDatGui\src\components\ofxDatGuiGroups.h">
      <Filter>addons\ofxDatGui\src\components</Filter>
    </ClInclude>
    <ClInclude Include="..\..\..\addons\ofxDatGui\src\components\ofxDatGuiLabel.h">
      <Filter>addons\ofxDatGui\src\components</Filter>
    </ClInclude>
    <ClInclude Include="..\..\..\addons\ofxDatGui\src\components\ofxDatGuiMatrix.h">
      <Filter>addons\ofxDatGui\src\components</Filter>
    </ClInclude>
    <ClInclude Include="..\..\..\addons\ofxDatGui\src\components\ofxDatGuiScrollView.h">
      <Filter>addons\ofxDatGui\src\components</Filter>
    </ClInclude>
    <ClInclude Include="..\..\..\addons\ofxDatGui\src\components\ofxDatGuiSlider.h">
      <Filter>addons\ofxDatGui\src\components</Filter>
    </ClInclude>
    <ClInclude Include="..\..\..\addons\ofxDatGui\src\components\ofxDatGuiTextInput.h">
      <Filter>addons\ofxDatGui\src\components</Filter>
    </ClInclude>
    <ClInclude Include="..\..\..\addons\ofxDatGui\src\components\ofxDatGuiTextInputField.h">
      <Filter>addons\ofxDatGui\src\components</Filter>
    </ClInclude>
    <ClInclude Include="..\..\..\addons\ofxDatGui\src\components\ofxDatGuiTimeGraph.h">
      <Filter>addons\ofxDatGui\src\components</Filter>
    </ClInclude>
    <ClInclude Include="..\..\..\addons\ofxDatGui\src\core\ofxDatGuiComponent.h">
      <Filter>addons\ofxDatGui\src\core</Filter>
    </ClInclude>
    <ClInclude Include="..\..\..\addons\ofxDatGui\src\core\ofxDatGuiConstants.h">
      <Filter>addons\ofxDatGui\src\core</Filter>
    </ClInclude>
    <ClInclude Include="..\..\..\addons\ofxDatGui\src\core\ofxDatGuiEvents.h">
      <Filter>addons\ofxDatGui\src\core</Filter>
    </ClInclude>
    <ClInclude Include="..\..\..\addons\ofxDatGui\src\core\ofxDatGuiIntObject.h">
      <Filter>addons\ofxDatGui\src\core</Filter>
    </ClInclude>
    <ClInclude Include="..\..\..\addons\ofxDatGui\src\libs\ofxSmartFont\ofxSmartFont.h">
      <Filter>addons\ofxDatGui\src\libs\ofxSmartFont</Filter>
    </ClInclude>
    <ClInclude Include="..\..\..\addons\ofxDatGui\src\themes\ofxDatGuiTheme.h">
      <Filter>addons\ofxDatGui\src\themes</Filter>
    </ClInclude>
    <ClInclude Include="..\..\..\addons\ofxDatGui\src\themes\ofxDatGuiThemes.h">
      <Filter>addons\ofxDatGui\src\themes</Filter>
    </ClInclude>
    <ClInclude Include="..\..\..\addons\ofxModal\src\ofxModal.h">
      <Filter>addons\ofxModal\src</Filter>
    </ClInclude>
    <ClInclude Include="..\..\..\addons\ofxModal\src\ofxModalConfirm.h">
      <Filter>addons\ofxModal\src</Filter>
    </ClInclude>
    <ClInclude Include="..\..\..\addons\ofxModal\src\ofxModalEvent.h">
      <Filter>addons\ofxModal\src</Filter>
    </ClInclude>
    <ClInclude Include="..\..\..\addons\ofxModal\src\ofxModalTheme.h">
      <Filter>addons\ofxModal\src</Filter>
    </ClInclude>
    <ClInclude Include="..\..\..\addons\ofxModal\src\ofxModalWindow.h">
      <Filter>addons\ofxModal\src</Filter>
    </ClInclude>
    <ClInclude Include="..\..\..\addons\ofxParagraph\src\ofxParagraph.h">
      <Filter>addons\ofxParagraph\src</Filter>
    </ClInclude>
    <ClInclude Include="src\Games\HeightMapServer.h">
      <Filter>src\Games</Filter>
    </ClInclude>
  </ItemGroup>
  <ItemGroup>
    <ResourceCompile Include="icon.rc" />
  </ItemGroup>
</Project>